// !$*UTF8*$!
{
	archiveVersion = 1;
	classes = {
	};
	objectVersion = 52;
	objects = {

/* Begin PBXBuildFile section */
		3C198F042316FB6E001C55B7 /* AppDelegate.swift in Sources */ = {isa = PBXBuildFile; fileRef = 3C198F032316FB6E001C55B7 /* AppDelegate.swift */; };
		3C198F062316FB6E001C55B7 /* SceneDelegate.swift in Sources */ = {isa = PBXBuildFile; fileRef = 3C198F052316FB6E001C55B7 /* SceneDelegate.swift */; };
		3C198F092316FB6E001C55B7 /* TMDBAPI.xcdatamodeld in Sources */ = {isa = PBXBuildFile; fileRef = 3C198F072316FB6E001C55B7 /* TMDBAPI.xcdatamodeld */; };
		3C198F0B2316FB6E001C55B7 /* ContentView.swift in Sources */ = {isa = PBXBuildFile; fileRef = 3C198F0A2316FB6E001C55B7 /* ContentView.swift */; };
		3C198F0D2316FB73001C55B7 /* Assets.xcassets in Resources */ = {isa = PBXBuildFile; fileRef = 3C198F0C2316FB73001C55B7 /* Assets.xcassets */; };
		3C198F102316FB73001C55B7 /* Preview Assets.xcassets in Resources */ = {isa = PBXBuildFile; fileRef = 3C198F0F2316FB73001C55B7 /* Preview Assets.xcassets */; };
		3C198F132316FB73001C55B7 /* LaunchScreen.storyboard in Resources */ = {isa = PBXBuildFile; fileRef = 3C198F112316FB73001C55B7 /* LaunchScreen.storyboard */; };
		3C198F1F2316FC98001C55B7 /* Webservice.swift in Sources */ = {isa = PBXBuildFile; fileRef = 3C198F1E2316FC98001C55B7 /* Webservice.swift */; };
		3C198F212316FCB4001C55B7 /* API.swift in Sources */ = {isa = PBXBuildFile; fileRef = 3C198F202316FCB4001C55B7 /* API.swift */; };
		3C6C21A02317030500407980 /* MovieModel.swift in Sources */ = {isa = PBXBuildFile; fileRef = 3C6C219F2317030500407980 /* MovieModel.swift */; };
		3C6C21A22317048D00407980 /* JSONDecoder+Extensions.swift in Sources */ = {isa = PBXBuildFile; fileRef = 3C6C21A12317048D00407980 /* JSONDecoder+Extensions.swift */; };
		3C6C21A42317060800407980 /* Fetcher.swift in Sources */ = {isa = PBXBuildFile; fileRef = 3C6C21A32317060800407980 /* Fetcher.swift */; };
		3C6C21A723171C9900407980 /* KingfisherSwiftUI in Frameworks */ = {isa = PBXBuildFile; productRef = 3C6C21A623171C9900407980 /* KingfisherSwiftUI */; };
		3C6C21A923171C9900407980 /* Kingfisher in Frameworks */ = {isa = PBXBuildFile; productRef = 3C6C21A823171C9900407980 /* Kingfisher */; };
		60347FA523269F58005DBD6E /* MovieImageCell.swift in Sources */ = {isa = PBXBuildFile; fileRef = 60347FA423269F58005DBD6E /* MovieImageCell.swift */; };
		60393755231D330C00486F7A /* MovieImagesCollectionView.swift in Sources */ = {isa = PBXBuildFile; fileRef = 60393754231D330C00486F7A /* MovieImagesCollectionView.swift */; };
		604127082319BB3200A4413C /* Reviews.swift in Sources */ = {isa = PBXBuildFile; fileRef = 604127072319BB3200A4413C /* Reviews.swift */; };
		6041270A2319CC5700A4413C /* ReviewsView.swift in Sources */ = {isa = PBXBuildFile; fileRef = 604127092319CC5700A4413C /* ReviewsView.swift */; };
		6041270C2319CF2300A4413C /* String+Extensions.swift in Sources */ = {isa = PBXBuildFile; fileRef = 6041270B2319CF2300A4413C /* String+Extensions.swift */; };
		60598028231AEF480084483B /* EdgeInsets+Extensions.swift in Sources */ = {isa = PBXBuildFile; fileRef = 60598027231AEF480084483B /* EdgeInsets+Extensions.swift */; };
		6059802A231AFB870084483B /* Formatter+Extensions.swift in Sources */ = {isa = PBXBuildFile; fileRef = 60598029231AFB870084483B /* Formatter+Extensions.swift */; };
		6059803C231B20F20084483B /* Roboto-Medium.ttf in Resources */ = {isa = PBXBuildFile; fileRef = 6059802F231B20F20084483B /* Roboto-Medium.ttf */; };
		6059803D231B20F20084483B /* Roboto-Light.ttf in Resources */ = {isa = PBXBuildFile; fileRef = 60598030231B20F20084483B /* Roboto-Light.ttf */; };
		6059803E231B20F20084483B /* Roboto-Regular.ttf in Resources */ = {isa = PBXBuildFile; fileRef = 60598031231B20F20084483B /* Roboto-Regular.ttf */; };
		6059803F231B20F20084483B /* Roboto-MediumItalic.ttf in Resources */ = {isa = PBXBuildFile; fileRef = 60598032231B20F20084483B /* Roboto-MediumItalic.ttf */; };
		60598040231B20F20084483B /* Roboto-ThinItalic.ttf in Resources */ = {isa = PBXBuildFile; fileRef = 60598033231B20F20084483B /* Roboto-ThinItalic.ttf */; };
		60598041231B20F20084483B /* Roboto-BoldItalic.ttf in Resources */ = {isa = PBXBuildFile; fileRef = 60598034231B20F20084483B /* Roboto-BoldItalic.ttf */; };
		60598042231B20F20084483B /* Roboto-LightItalic.ttf in Resources */ = {isa = PBXBuildFile; fileRef = 60598035231B20F20084483B /* Roboto-LightItalic.ttf */; };
		60598043231B20F20084483B /* LICENSE.txt in Resources */ = {isa = PBXBuildFile; fileRef = 60598036231B20F20084483B /* LICENSE.txt */; };
		60598044231B20F20084483B /* Roboto-BlackItalic.ttf in Resources */ = {isa = PBXBuildFile; fileRef = 60598037231B20F20084483B /* Roboto-BlackItalic.ttf */; };
		60598045231B20F20084483B /* Roboto-Bold.ttf in Resources */ = {isa = PBXBuildFile; fileRef = 60598038231B20F20084483B /* Roboto-Bold.ttf */; };
		60598046231B20F20084483B /* Roboto-Thin.ttf in Resources */ = {isa = PBXBuildFile; fileRef = 60598039231B20F20084483B /* Roboto-Thin.ttf */; };
		60598047231B20F20084483B /* Roboto-Black.ttf in Resources */ = {isa = PBXBuildFile; fileRef = 6059803A231B20F20084483B /* Roboto-Black.ttf */; };
		60598048231B20F20084483B /* Roboto-RegularItalic.ttf in Resources */ = {isa = PBXBuildFile; fileRef = 6059803B231B20F20084483B /* Roboto-RegularItalic.ttf */; };
		6059804B231B228C0084483B /* TitleModifier.swift in Sources */ = {isa = PBXBuildFile; fileRef = 6059804A231B228C0084483B /* TitleModifier.swift */; };
		6059804D231B263B0084483B /* Font+Extensions.swift in Sources */ = {isa = PBXBuildFile; fileRef = 6059804C231B263B0084483B /* Font+Extensions.swift */; };
		6059804F231B37A30084483B /* ProductionCompaniesView.swift in Sources */ = {isa = PBXBuildFile; fileRef = 6059804E231B37A30084483B /* ProductionCompaniesView.swift */; };
		60598051231B38270084483B /* Optional+Extensions.swift in Sources */ = {isa = PBXBuildFile; fileRef = 60598050231B38270084483B /* Optional+Extensions.swift */; };
		606B255523192FB40011D59C /* Double+Extensions.swift in Sources */ = {isa = PBXBuildFile; fileRef = 606B255423192FB40011D59C /* Double+Extensions.swift */; };
		6076089E2325AD5700B5A2BE /* CollectionView.swift in Sources */ = {isa = PBXBuildFile; fileRef = 6076089D2325AD5700B5A2BE /* CollectionView.swift */; };
		608FA3442338F40F00AE231B /* ImageCache+Extensions.swift in Sources */ = {isa = PBXBuildFile; fileRef = 608FA3432338F40F00AE231B /* ImageCache+Extensions.swift */; };
		608FA3462338F66600AE231B /* MovieImageViewerView.swift in Sources */ = {isa = PBXBuildFile; fileRef = 608FA3452338F66600AE231B /* MovieImageViewerView.swift */; };
		608FA3482338FF3300AE231B /* MovieImagesView.swift in Sources */ = {isa = PBXBuildFile; fileRef = 608FA3472338FF3300AE231B /* MovieImagesView.swift */; };
		60A374DF2317D8B700DD39E7 /* DetailView.swift in Sources */ = {isa = PBXBuildFile; fileRef = 60A374DE2317D8B700DD39E7 /* DetailView.swift */; };
		60D4CA38231C7296000E32C6 /* Notification Name+Extensions.swift in Sources */ = {isa = PBXBuildFile; fileRef = 60D4CA37231C7296000E32C6 /* Notification Name+Extensions.swift */; };
/* End PBXBuildFile section */

/* Begin PBXFileReference section */
		3C198F002316FB6E001C55B7 /* TMDBAPI.app */ = {isa = PBXFileReference; explicitFileType = wrapper.application; includeInIndex = 0; path = TMDBAPI.app; sourceTree = BUILT_PRODUCTS_DIR; };
		3C198F032316FB6E001C55B7 /* AppDelegate.swift */ = {isa = PBXFileReference; lastKnownFileType = sourcecode.swift; name = AppDelegate.swift; path = ../AppDelegate.swift; sourceTree = "<group>"; };
		3C198F052316FB6E001C55B7 /* SceneDelegate.swift */ = {isa = PBXFileReference; lastKnownFileType = sourcecode.swift; name = SceneDelegate.swift; path = ../SceneDelegate.swift; sourceTree = "<group>"; };
		3C198F082316FB6E001C55B7 /* TMDBAPI.xcdatamodel */ = {isa = PBXFileReference; lastKnownFileType = wrapper.xcdatamodel; path = TMDBAPI.xcdatamodel; sourceTree = "<group>"; };
		3C198F0A2316FB6E001C55B7 /* ContentView.swift */ = {isa = PBXFileReference; lastKnownFileType = sourcecode.swift; name = ContentView.swift; path = ../ContentView.swift; sourceTree = "<group>"; };
		3C198F0C2316FB73001C55B7 /* Assets.xcassets */ = {isa = PBXFileReference; lastKnownFileType = folder.assetcatalog; path = Assets.xcassets; sourceTree = "<group>"; };
		3C198F0F2316FB73001C55B7 /* Preview Assets.xcassets */ = {isa = PBXFileReference; lastKnownFileType = folder.assetcatalog; path = "Preview Assets.xcassets"; sourceTree = "<group>"; };
		3C198F122316FB73001C55B7 /* Base */ = {isa = PBXFileReference; lastKnownFileType = file.storyboard; name = Base; path = Base.lproj/LaunchScreen.storyboard; sourceTree = "<group>"; };
		3C198F142316FB73001C55B7 /* Info.plist */ = {isa = PBXFileReference; lastKnownFileType = text.plist.xml; path = Info.plist; sourceTree = "<group>"; };
		3C198F1E2316FC98001C55B7 /* Webservice.swift */ = {isa = PBXFileReference; lastKnownFileType = sourcecode.swift; path = Webservice.swift; sourceTree = "<group>"; };
		3C198F202316FCB4001C55B7 /* API.swift */ = {isa = PBXFileReference; lastKnownFileType = sourcecode.swift; path = API.swift; sourceTree = "<group>"; };
		3C6C219F2317030500407980 /* MovieModel.swift */ = {isa = PBXFileReference; lastKnownFileType = sourcecode.swift; path = MovieModel.swift; sourceTree = "<group>"; };
		3C6C21A12317048D00407980 /* JSONDecoder+Extensions.swift */ = {isa = PBXFileReference; lastKnownFileType = sourcecode.swift; path = "JSONDecoder+Extensions.swift"; sourceTree = "<group>"; };
		3C6C21A32317060800407980 /* Fetcher.swift */ = {isa = PBXFileReference; lastKnownFileType = sourcecode.swift; path = Fetcher.swift; sourceTree = "<group>"; };
		60347FA423269F58005DBD6E /* MovieImageCell.swift */ = {isa = PBXFileReference; lastKnownFileType = sourcecode.swift; path = MovieImageCell.swift; sourceTree = "<group>"; };
		60393754231D330C00486F7A /* MovieImagesCollectionView.swift */ = {isa = PBXFileReference; lastKnownFileType = sourcecode.swift; path = MovieImagesCollectionView.swift; sourceTree = "<group>"; };
		604127072319BB3200A4413C /* Reviews.swift */ = {isa = PBXFileReference; lastKnownFileType = sourcecode.swift; path = Reviews.swift; sourceTree = "<group>"; };
		604127092319CC5700A4413C /* ReviewsView.swift */ = {isa = PBXFileReference; lastKnownFileType = sourcecode.swift; path = ReviewsView.swift; sourceTree = "<group>"; };
		6041270B2319CF2300A4413C /* String+Extensions.swift */ = {isa = PBXFileReference; lastKnownFileType = sourcecode.swift; path = "String+Extensions.swift"; sourceTree = "<group>"; };
		60598027231AEF480084483B /* EdgeInsets+Extensions.swift */ = {isa = PBXFileReference; lastKnownFileType = sourcecode.swift; path = "EdgeInsets+Extensions.swift"; sourceTree = "<group>"; };
		60598029231AFB870084483B /* Formatter+Extensions.swift */ = {isa = PBXFileReference; lastKnownFileType = sourcecode.swift; path = "Formatter+Extensions.swift"; sourceTree = "<group>"; };
		6059802F231B20F20084483B /* Roboto-Medium.ttf */ = {isa = PBXFileReference; lastKnownFileType = file; path = "Roboto-Medium.ttf"; sourceTree = "<group>"; };
		60598030231B20F20084483B /* Roboto-Light.ttf */ = {isa = PBXFileReference; lastKnownFileType = file; path = "Roboto-Light.ttf"; sourceTree = "<group>"; };
		60598031231B20F20084483B /* Roboto-Regular.ttf */ = {isa = PBXFileReference; lastKnownFileType = file; path = "Roboto-Regular.ttf"; sourceTree = "<group>"; };
		60598032231B20F20084483B /* Roboto-MediumItalic.ttf */ = {isa = PBXFileReference; lastKnownFileType = file; path = "Roboto-MediumItalic.ttf"; sourceTree = "<group>"; };
		60598033231B20F20084483B /* Roboto-ThinItalic.ttf */ = {isa = PBXFileReference; lastKnownFileType = file; path = "Roboto-ThinItalic.ttf"; sourceTree = "<group>"; };
		60598034231B20F20084483B /* Roboto-BoldItalic.ttf */ = {isa = PBXFileReference; lastKnownFileType = file; path = "Roboto-BoldItalic.ttf"; sourceTree = "<group>"; };
		60598035231B20F20084483B /* Roboto-LightItalic.ttf */ = {isa = PBXFileReference; lastKnownFileType = file; path = "Roboto-LightItalic.ttf"; sourceTree = "<group>"; };
		60598036231B20F20084483B /* LICENSE.txt */ = {isa = PBXFileReference; fileEncoding = 4; lastKnownFileType = text; path = LICENSE.txt; sourceTree = "<group>"; };
		60598037231B20F20084483B /* Roboto-BlackItalic.ttf */ = {isa = PBXFileReference; lastKnownFileType = file; path = "Roboto-BlackItalic.ttf"; sourceTree = "<group>"; };
		60598038231B20F20084483B /* Roboto-Bold.ttf */ = {isa = PBXFileReference; lastKnownFileType = file; path = "Roboto-Bold.ttf"; sourceTree = "<group>"; };
		60598039231B20F20084483B /* Roboto-Thin.ttf */ = {isa = PBXFileReference; lastKnownFileType = file; path = "Roboto-Thin.ttf"; sourceTree = "<group>"; };
		6059803A231B20F20084483B /* Roboto-Black.ttf */ = {isa = PBXFileReference; lastKnownFileType = file; path = "Roboto-Black.ttf"; sourceTree = "<group>"; };
		6059803B231B20F20084483B /* Roboto-RegularItalic.ttf */ = {isa = PBXFileReference; lastKnownFileType = file; path = "Roboto-RegularItalic.ttf"; sourceTree = "<group>"; };
		6059804A231B228C0084483B /* TitleModifier.swift */ = {isa = PBXFileReference; lastKnownFileType = sourcecode.swift; path = TitleModifier.swift; sourceTree = "<group>"; };
		6059804C231B263B0084483B /* Font+Extensions.swift */ = {isa = PBXFileReference; lastKnownFileType = sourcecode.swift; path = "Font+Extensions.swift"; sourceTree = "<group>"; };
		6059804E231B37A30084483B /* ProductionCompaniesView.swift */ = {isa = PBXFileReference; lastKnownFileType = sourcecode.swift; path = ProductionCompaniesView.swift; sourceTree = "<group>"; };
		60598050231B38270084483B /* Optional+Extensions.swift */ = {isa = PBXFileReference; lastKnownFileType = sourcecode.swift; path = "Optional+Extensions.swift"; sourceTree = "<group>"; };
		606B255423192FB40011D59C /* Double+Extensions.swift */ = {isa = PBXFileReference; lastKnownFileType = sourcecode.swift; path = "Double+Extensions.swift"; sourceTree = "<group>"; };
		6076089D2325AD5700B5A2BE /* CollectionView.swift */ = {isa = PBXFileReference; fileEncoding = 4; lastKnownFileType = sourcecode.swift; path = CollectionView.swift; sourceTree = "<group>"; };
		608FA3432338F40F00AE231B /* ImageCache+Extensions.swift */ = {isa = PBXFileReference; lastKnownFileType = sourcecode.swift; path = "ImageCache+Extensions.swift"; sourceTree = "<group>"; };
		608FA3452338F66600AE231B /* MovieImageViewerView.swift */ = {isa = PBXFileReference; lastKnownFileType = sourcecode.swift; path = MovieImageViewerView.swift; sourceTree = SOURCE_ROOT; };
		608FA3472338FF3300AE231B /* MovieImagesView.swift */ = {isa = PBXFileReference; lastKnownFileType = sourcecode.swift; path = MovieImagesView.swift; sourceTree = "<group>"; };
		60A374DE2317D8B700DD39E7 /* DetailView.swift */ = {isa = PBXFileReference; lastKnownFileType = sourcecode.swift; path = DetailView.swift; sourceTree = "<group>"; };
		60D4CA37231C7296000E32C6 /* Notification Name+Extensions.swift */ = {isa = PBXFileReference; lastKnownFileType = sourcecode.swift; path = "Notification Name+Extensions.swift"; sourceTree = "<group>"; };
/* End PBXFileReference section */

/* Begin PBXFrameworksBuildPhase section */
		3C198EFD2316FB6D001C55B7 /* Frameworks */ = {
			isa = PBXFrameworksBuildPhase;
			buildActionMask = 2147483647;
			files = (
				3C6C21A923171C9900407980 /* Kingfisher in Frameworks */,
				3C6C21A723171C9900407980 /* KingfisherSwiftUI in Frameworks */,
			);
			runOnlyForDeploymentPostprocessing = 0;
		};
/* End PBXFrameworksBuildPhase section */

/* Begin PBXGroup section */
		3C198EF72316FB6D001C55B7 = {
			isa = PBXGroup;
			children = (
				3C198F022316FB6E001C55B7 /* TMDBAPI */,
				3C198F012316FB6E001C55B7 /* Products */,
			);
			sourceTree = "<group>";
		};
		3C198F012316FB6E001C55B7 /* Products */ = {
			isa = PBXGroup;
			children = (
				3C198F002316FB6E001C55B7 /* TMDBAPI.app */,
			);
			name = Products;
			sourceTree = "<group>";
		};
		3C198F022316FB6E001C55B7 /* TMDBAPI */ = {
			isa = PBXGroup;
			children = (
				6076089C2325AD4200B5A2BE /* UIKit components */,
				60598049231B227A0084483B /* ViewModifiers */,
				6059802D231B1E9A0084483B /* Fonts */,
				3C198F1A2316FC33001C55B7 /* Delegates */,
				3C198F1D2316FC58001C55B7 /* Extensions */,
				3C198F222316FCB8001C55B7 /* API */,
				3C198F1C2316FC43001C55B7 /* Services */,
				3C6C219E231702EB00407980 /* Model */,
				3C198F1B2316FC3E001C55B7 /* Views */,
				3C198F0C2316FB73001C55B7 /* Assets.xcassets */,
				3C198F112316FB73001C55B7 /* LaunchScreen.storyboard */,
				3C198F142316FB73001C55B7 /* Info.plist */,
				3C198F072316FB6E001C55B7 /* TMDBAPI.xcdatamodeld */,
				3C198F0E2316FB73001C55B7 /* Preview Content */,
			);
			path = TMDBAPI;
			sourceTree = "<group>";
		};
		3C198F0E2316FB73001C55B7 /* Preview Content */ = {
			isa = PBXGroup;
			children = (
				3C198F0F2316FB73001C55B7 /* Preview Assets.xcassets */,
			);
			path = "Preview Content";
			sourceTree = "<group>";
		};
		3C198F1A2316FC33001C55B7 /* Delegates */ = {
			isa = PBXGroup;
			children = (
				3C198F032316FB6E001C55B7 /* AppDelegate.swift */,
				3C198F052316FB6E001C55B7 /* SceneDelegate.swift */,
			);
			path = Delegates;
			sourceTree = "<group>";
		};
		3C198F1B2316FC3E001C55B7 /* Views */ = {
			isa = PBXGroup;
			children = (
				3C198F0A2316FB6E001C55B7 /* ContentView.swift */,
				60A374DE2317D8B700DD39E7 /* DetailView.swift */,
				604127092319CC5700A4413C /* ReviewsView.swift */,
				6059804E231B37A30084483B /* ProductionCompaniesView.swift */,
				608FA3472338FF3300AE231B /* MovieImagesView.swift */,
				60393754231D330C00486F7A /* MovieImagesCollectionView.swift */,
				608FA3452338F66600AE231B /* MovieImageViewerView.swift */,
			);
			path = Views;
			sourceTree = "<group>";
		};
		3C198F1C2316FC43001C55B7 /* Services */ = {
			isa = PBXGroup;
			children = (
				3C198F1E2316FC98001C55B7 /* Webservice.swift */,
				3C6C21A32317060800407980 /* Fetcher.swift */,
			);
			path = Services;
			sourceTree = "<group>";
		};
		3C198F1D2316FC58001C55B7 /* Extensions */ = {
			isa = PBXGroup;
			children = (
				3C6C21A12317048D00407980 /* JSONDecoder+Extensions.swift */,
				606B255423192FB40011D59C /* Double+Extensions.swift */,
				60598029231AFB870084483B /* Formatter+Extensions.swift */,
				6041270B2319CF2300A4413C /* String+Extensions.swift */,
				60598027231AEF480084483B /* EdgeInsets+Extensions.swift */,
				6059804C231B263B0084483B /* Font+Extensions.swift */,
				60598050231B38270084483B /* Optional+Extensions.swift */,
				60D4CA37231C7296000E32C6 /* Notification Name+Extensions.swift */,
				608FA3432338F40F00AE231B /* ImageCache+Extensions.swift */,
			);
			path = Extensions;
			sourceTree = "<group>";
		};
		3C198F222316FCB8001C55B7 /* API */ = {
			isa = PBXGroup;
			children = (
				3C198F202316FCB4001C55B7 /* API.swift */,
			);
			path = API;
			sourceTree = "<group>";
		};
		3C6C219E231702EB00407980 /* Model */ = {
			isa = PBXGroup;
			children = (
				3C6C219F2317030500407980 /* MovieModel.swift */,
				604127072319BB3200A4413C /* Reviews.swift */,
			);
			path = Model;
			sourceTree = "<group>";
		};
		6059802D231B1E9A0084483B /* Fonts */ = {
			isa = PBXGroup;
			children = (
				6059802E231B20F20084483B /* Roboto */,
			);
			path = Fonts;
			sourceTree = "<group>";
		};
		6059802E231B20F20084483B /* Roboto */ = {
			isa = PBXGroup;
			children = (
				6059802F231B20F20084483B /* Roboto-Medium.ttf */,
				60598030231B20F20084483B /* Roboto-Light.ttf */,
				60598031231B20F20084483B /* Roboto-Regular.ttf */,
				60598032231B20F20084483B /* Roboto-MediumItalic.ttf */,
				60598033231B20F20084483B /* Roboto-ThinItalic.ttf */,
				60598034231B20F20084483B /* Roboto-BoldItalic.ttf */,
				60598035231B20F20084483B /* Roboto-LightItalic.ttf */,
				60598036231B20F20084483B /* LICENSE.txt */,
				60598037231B20F20084483B /* Roboto-BlackItalic.ttf */,
				60598038231B20F20084483B /* Roboto-Bold.ttf */,
				60598039231B20F20084483B /* Roboto-Thin.ttf */,
				6059803A231B20F20084483B /* Roboto-Black.ttf */,
				6059803B231B20F20084483B /* Roboto-RegularItalic.ttf */,
			);
			path = Roboto;
			sourceTree = "<group>";
		};
		60598049231B227A0084483B /* ViewModifiers */ = {
			isa = PBXGroup;
			children = (
				6059804A231B228C0084483B /* TitleModifier.swift */,
			);
			path = ViewModifiers;
			sourceTree = "<group>";
		};
		6076089C2325AD4200B5A2BE /* UIKit components */ = {
			isa = PBXGroup;
			children = (
				6076089D2325AD5700B5A2BE /* CollectionView.swift */,
				60347FA423269F58005DBD6E /* MovieImageCell.swift */,
			);
			path = "UIKit components";
			sourceTree = "<group>";
		};
/* End PBXGroup section */

/* Begin PBXNativeTarget section */
		3C198EFF2316FB6D001C55B7 /* TMDBAPI */ = {
			isa = PBXNativeTarget;
			buildConfigurationList = 3C198F172316FB73001C55B7 /* Build configuration list for PBXNativeTarget "TMDBAPI" */;
			buildPhases = (
				3C198EFC2316FB6D001C55B7 /* Sources */,
				3C198EFD2316FB6D001C55B7 /* Frameworks */,
				3C198EFE2316FB6D001C55B7 /* Resources */,
			);
			buildRules = (
			);
			dependencies = (
			);
			name = TMDBAPI;
			packageProductDependencies = (
				3C6C21A623171C9900407980 /* KingfisherSwiftUI */,
				3C6C21A823171C9900407980 /* Kingfisher */,
			);
			productName = TMDBAPI;
			productReference = 3C198F002316FB6E001C55B7 /* TMDBAPI.app */;
			productType = "com.apple.product-type.application";
		};
/* End PBXNativeTarget section */

/* Begin PBXProject section */
		3C198EF82316FB6D001C55B7 /* Project object */ = {
			isa = PBXProject;
			attributes = {
				LastSwiftUpdateCheck = 1100;
				LastUpgradeCheck = 1100;
				ORGANIZATIONNAME = GhaffMac;
				TargetAttributes = {
					3C198EFF2316FB6D001C55B7 = {
						CreatedOnToolsVersion = 11.0;
					};
				};
			};
			buildConfigurationList = 3C198EFB2316FB6D001C55B7 /* Build configuration list for PBXProject "TMDBAPI" */;
			compatibilityVersion = "Xcode 9.3";
			developmentRegion = en;
			hasScannedForEncodings = 0;
			knownRegions = (
				en,
				Base,
			);
			mainGroup = 3C198EF72316FB6D001C55B7;
			packageReferences = (
				3C6C21A523171C9800407980 /* XCRemoteSwiftPackageReference "Kingfisher" */,
			);
			productRefGroup = 3C198F012316FB6E001C55B7 /* Products */;
			projectDirPath = "";
			projectRoot = "";
			targets = (
				3C198EFF2316FB6D001C55B7 /* TMDBAPI */,
			);
		};
/* End PBXProject section */

/* Begin PBXResourcesBuildPhase section */
		3C198EFE2316FB6D001C55B7 /* Resources */ = {
			isa = PBXResourcesBuildPhase;
			buildActionMask = 2147483647;
			files = (
				60598046231B20F20084483B /* Roboto-Thin.ttf in Resources */,
				60598043231B20F20084483B /* LICENSE.txt in Resources */,
				60598047231B20F20084483B /* Roboto-Black.ttf in Resources */,
				60598045231B20F20084483B /* Roboto-Bold.ttf in Resources */,
				60598041231B20F20084483B /* Roboto-BoldItalic.ttf in Resources */,
				6059803E231B20F20084483B /* Roboto-Regular.ttf in Resources */,
				60598042231B20F20084483B /* Roboto-LightItalic.ttf in Resources */,
				6059803C231B20F20084483B /* Roboto-Medium.ttf in Resources */,
				3C198F132316FB73001C55B7 /* LaunchScreen.storyboard in Resources */,
				6059803D231B20F20084483B /* Roboto-Light.ttf in Resources */,
				60598044231B20F20084483B /* Roboto-BlackItalic.ttf in Resources */,
				60598040231B20F20084483B /* Roboto-ThinItalic.ttf in Resources */,
				6059803F231B20F20084483B /* Roboto-MediumItalic.ttf in Resources */,
				3C198F102316FB73001C55B7 /* Preview Assets.xcassets in Resources */,
				60598048231B20F20084483B /* Roboto-RegularItalic.ttf in Resources */,
				3C198F0D2316FB73001C55B7 /* Assets.xcassets in Resources */,
			);
			runOnlyForDeploymentPostprocessing = 0;
		};
/* End PBXResourcesBuildPhase section */

/* Begin PBXSourcesBuildPhase section */
		3C198EFC2316FB6D001C55B7 /* Sources */ = {
			isa = PBXSourcesBuildPhase;
			buildActionMask = 2147483647;
			files = (
				608FA3462338F66600AE231B /* MovieImageViewerView.swift in Sources */,
				6059804D231B263B0084483B /* Font+Extensions.swift in Sources */,
				60598051231B38270084483B /* Optional+Extensions.swift in Sources */,
				60393755231D330C00486F7A /* MovieImagesCollectionView.swift in Sources */,
				60598028231AEF480084483B /* EdgeInsets+Extensions.swift in Sources */,
				608FA3442338F40F00AE231B /* ImageCache+Extensions.swift in Sources */,
				3C6C21A02317030500407980 /* MovieModel.swift in Sources */,
				6076089E2325AD5700B5A2BE /* CollectionView.swift in Sources */,
				3C198F042316FB6E001C55B7 /* AppDelegate.swift in Sources */,
				3C6C21A22317048D00407980 /* JSONDecoder+Extensions.swift in Sources */,
				6059802A231AFB870084483B /* Formatter+Extensions.swift in Sources */,
				60A374DF2317D8B700DD39E7 /* DetailView.swift in Sources */,
				3C198F062316FB6E001C55B7 /* SceneDelegate.swift in Sources */,
				6041270A2319CC5700A4413C /* ReviewsView.swift in Sources */,
				3C198F0B2316FB6E001C55B7 /* ContentView.swift in Sources */,
				60D4CA38231C7296000E32C6 /* Notification Name+Extensions.swift in Sources */,
				3C198F1F2316FC98001C55B7 /* Webservice.swift in Sources */,
				6059804F231B37A30084483B /* ProductionCompaniesView.swift in Sources */,
				6041270C2319CF2300A4413C /* String+Extensions.swift in Sources */,
				3C198F212316FCB4001C55B7 /* API.swift in Sources */,
				3C198F092316FB6E001C55B7 /* TMDBAPI.xcdatamodeld in Sources */,
				6059804B231B228C0084483B /* TitleModifier.swift in Sources */,
				604127082319BB3200A4413C /* Reviews.swift in Sources */,
				608FA3482338FF3300AE231B /* MovieImagesView.swift in Sources */,
				606B255523192FB40011D59C /* Double+Extensions.swift in Sources */,
				60347FA523269F58005DBD6E /* MovieImageCell.swift in Sources */,
				3C6C21A42317060800407980 /* Fetcher.swift in Sources */,
			);
			runOnlyForDeploymentPostprocessing = 0;
		};
/* End PBXSourcesBuildPhase section */

/* Begin PBXVariantGroup section */
		3C198F112316FB73001C55B7 /* LaunchScreen.storyboard */ = {
			isa = PBXVariantGroup;
			children = (
				3C198F122316FB73001C55B7 /* Base */,
			);
			name = LaunchScreen.storyboard;
			sourceTree = "<group>";
		};
/* End PBXVariantGroup section */

/* Begin XCBuildConfiguration section */
		3C198F152316FB73001C55B7 /* Debug */ = {
			isa = XCBuildConfiguration;
			buildSettings = {
				ALWAYS_SEARCH_USER_PATHS = NO;
				CLANG_ANALYZER_NONNULL = YES;
				CLANG_ANALYZER_NUMBER_OBJECT_CONVERSION = YES_AGGRESSIVE;
				CLANG_CXX_LANGUAGE_STANDARD = "gnu++14";
				CLANG_CXX_LIBRARY = "libc++";
				CLANG_ENABLE_MODULES = YES;
				CLANG_ENABLE_OBJC_ARC = YES;
				CLANG_ENABLE_OBJC_WEAK = YES;
				CLANG_WARN_BLOCK_CAPTURE_AUTORELEASING = YES;
				CLANG_WARN_BOOL_CONVERSION = YES;
				CLANG_WARN_COMMA = YES;
				CLANG_WARN_CONSTANT_CONVERSION = YES;
				CLANG_WARN_DEPRECATED_OBJC_IMPLEMENTATIONS = YES;
				CLANG_WARN_DIRECT_OBJC_ISA_USAGE = YES_ERROR;
				CLANG_WARN_DOCUMENTATION_COMMENTS = YES;
				CLANG_WARN_EMPTY_BODY = YES;
				CLANG_WARN_ENUM_CONVERSION = YES;
				CLANG_WARN_INFINITE_RECURSION = YES;
				CLANG_WARN_INT_CONVERSION = YES;
				CLANG_WARN_NON_LITERAL_NULL_CONVERSION = YES;
				CLANG_WARN_OBJC_IMPLICIT_RETAIN_SELF = YES;
				CLANG_WARN_OBJC_LITERAL_CONVERSION = YES;
				CLANG_WARN_OBJC_ROOT_CLASS = YES_ERROR;
				CLANG_WARN_RANGE_LOOP_ANALYSIS = YES;
				CLANG_WARN_STRICT_PROTOTYPES = YES;
				CLANG_WARN_SUSPICIOUS_MOVE = YES;
				CLANG_WARN_UNGUARDED_AVAILABILITY = YES_AGGRESSIVE;
				CLANG_WARN_UNREACHABLE_CODE = YES;
				CLANG_WARN__DUPLICATE_METHOD_MATCH = YES;
				COPY_PHASE_STRIP = NO;
				DEBUG_INFORMATION_FORMAT = dwarf;
				ENABLE_STRICT_OBJC_MSGSEND = YES;
				ENABLE_TESTABILITY = YES;
				GCC_C_LANGUAGE_STANDARD = gnu11;
				GCC_DYNAMIC_NO_PIC = NO;
				GCC_NO_COMMON_BLOCKS = YES;
				GCC_OPTIMIZATION_LEVEL = 0;
				GCC_PREPROCESSOR_DEFINITIONS = (
					"DEBUG=1",
					"$(inherited)",
				);
				GCC_WARN_64_TO_32_BIT_CONVERSION = YES;
				GCC_WARN_ABOUT_RETURN_TYPE = YES_ERROR;
				GCC_WARN_UNDECLARED_SELECTOR = YES;
				GCC_WARN_UNINITIALIZED_AUTOS = YES_AGGRESSIVE;
				GCC_WARN_UNUSED_FUNCTION = YES;
				GCC_WARN_UNUSED_VARIABLE = YES;
				IPHONEOS_DEPLOYMENT_TARGET = 13.0;
				MTL_ENABLE_DEBUG_INFO = INCLUDE_SOURCE;
				MTL_FAST_MATH = YES;
				ONLY_ACTIVE_ARCH = YES;
				SDKROOT = iphoneos;
				SWIFT_ACTIVE_COMPILATION_CONDITIONS = DEBUG;
				SWIFT_OPTIMIZATION_LEVEL = "-Onone";
			};
			name = Debug;
		};
		3C198F162316FB73001C55B7 /* Release */ = {
			isa = XCBuildConfiguration;
			buildSettings = {
				ALWAYS_SEARCH_USER_PATHS = NO;
				CLANG_ANALYZER_NONNULL = YES;
				CLANG_ANALYZER_NUMBER_OBJECT_CONVERSION = YES_AGGRESSIVE;
				CLANG_CXX_LANGUAGE_STANDARD = "gnu++14";
				CLANG_CXX_LIBRARY = "libc++";
				CLANG_ENABLE_MODULES = YES;
				CLANG_ENABLE_OBJC_ARC = YES;
				CLANG_ENABLE_OBJC_WEAK = YES;
				CLANG_WARN_BLOCK_CAPTURE_AUTORELEASING = YES;
				CLANG_WARN_BOOL_CONVERSION = YES;
				CLANG_WARN_COMMA = YES;
				CLANG_WARN_CONSTANT_CONVERSION = YES;
				CLANG_WARN_DEPRECATED_OBJC_IMPLEMENTATIONS = YES;
				CLANG_WARN_DIRECT_OBJC_ISA_USAGE = YES_ERROR;
				CLANG_WARN_DOCUMENTATION_COMMENTS = YES;
				CLANG_WARN_EMPTY_BODY = YES;
				CLANG_WARN_ENUM_CONVERSION = YES;
				CLANG_WARN_INFINITE_RECURSION = YES;
				CLANG_WARN_INT_CONVERSION = YES;
				CLANG_WARN_NON_LITERAL_NULL_CONVERSION = YES;
				CLANG_WARN_OBJC_IMPLICIT_RETAIN_SELF = YES;
				CLANG_WARN_OBJC_LITERAL_CONVERSION = YES;
				CLANG_WARN_OBJC_ROOT_CLASS = YES_ERROR;
				CLANG_WARN_RANGE_LOOP_ANALYSIS = YES;
				CLANG_WARN_STRICT_PROTOTYPES = YES;
				CLANG_WARN_SUSPICIOUS_MOVE = YES;
				CLANG_WARN_UNGUARDED_AVAILABILITY = YES_AGGRESSIVE;
				CLANG_WARN_UNREACHABLE_CODE = YES;
				CLANG_WARN__DUPLICATE_METHOD_MATCH = YES;
				COPY_PHASE_STRIP = NO;
				DEBUG_INFORMATION_FORMAT = "dwarf-with-dsym";
				ENABLE_NS_ASSERTIONS = NO;
				ENABLE_STRICT_OBJC_MSGSEND = YES;
				GCC_C_LANGUAGE_STANDARD = gnu11;
				GCC_NO_COMMON_BLOCKS = YES;
				GCC_WARN_64_TO_32_BIT_CONVERSION = YES;
				GCC_WARN_ABOUT_RETURN_TYPE = YES_ERROR;
				GCC_WARN_UNDECLARED_SELECTOR = YES;
				GCC_WARN_UNINITIALIZED_AUTOS = YES_AGGRESSIVE;
				GCC_WARN_UNUSED_FUNCTION = YES;
				GCC_WARN_UNUSED_VARIABLE = YES;
				IPHONEOS_DEPLOYMENT_TARGET = 13.0;
				MTL_ENABLE_DEBUG_INFO = NO;
				MTL_FAST_MATH = YES;
				SDKROOT = iphoneos;
				SWIFT_COMPILATION_MODE = wholemodule;
				SWIFT_OPTIMIZATION_LEVEL = "-O";
				VALIDATE_PRODUCT = YES;
			};
			name = Release;
		};
		3C198F182316FB73001C55B7 /* Debug */ = {
			isa = XCBuildConfiguration;
			buildSettings = {
				ASSETCATALOG_COMPILER_APPICON_NAME = AppIcon;
				CODE_SIGN_STYLE = Automatic;
				DEVELOPMENT_ASSET_PATHS = "\"TMDBAPI/Preview Content\"";
				DEVELOPMENT_TEAM = 365H8JYPCL;
				ENABLE_PREVIEWS = YES;
				INFOPLIST_FILE = TMDBAPI/Info.plist;
				LD_RUNPATH_SEARCH_PATHS = (
					"$(inherited)",
					"@executable_path/Frameworks",
				);
				"OTHER_SWIFT_FLAGS[sdk=iphoneos13.0]" = "-Xfrontend -warn-long-function-bodies=100 -Xfrontend -warn-long-expression-type-checking=100";
				PRODUCT_BUNDLE_IDENTIFIER = com.abdou.TMDBAPI;
				PRODUCT_NAME = "$(TARGET_NAME)";
				SWIFT_VERSION = 5.0;
				TARGETED_DEVICE_FAMILY = 1;
			};
			name = Debug;
		};
		3C198F192316FB73001C55B7 /* Release */ = {
			isa = XCBuildConfiguration;
			buildSettings = {
				ASSETCATALOG_COMPILER_APPICON_NAME = AppIcon;
				CODE_SIGN_STYLE = Automatic;
				DEVELOPMENT_ASSET_PATHS = "\"TMDBAPI/Preview Content\"";
				DEVELOPMENT_TEAM = 365H8JYPCL;
				ENABLE_PREVIEWS = YES;
				INFOPLIST_FILE = TMDBAPI/Info.plist;
				LD_RUNPATH_SEARCH_PATHS = (
					"$(inherited)",
					"@executable_path/Frameworks",
				);
				PRODUCT_BUNDLE_IDENTIFIER = com.abdou.TMDBAPI;
				PRODUCT_NAME = "$(TARGET_NAME)";
				SWIFT_VERSION = 5.0;
				TARGETED_DEVICE_FAMILY = 1;
			};
			name = Release;
		};
/* End XCBuildConfiguration section */

/* Begin XCConfigurationList section */
		3C198EFB2316FB6D001C55B7 /* Build configuration list for PBXProject "TMDBAPI" */ = {
			isa = XCConfigurationList;
			buildConfigurations = (
				3C198F152316FB73001C55B7 /* Debug */,
				3C198F162316FB73001C55B7 /* Release */,
			);
			defaultConfigurationIsVisible = 0;
			defaultConfigurationName = Release;
		};
		3C198F172316FB73001C55B7 /* Build configuration list for PBXNativeTarget "TMDBAPI" */ = {
			isa = XCConfigurationList;
			buildConfigurations = (
				3C198F182316FB73001C55B7 /* Debug */,
				3C198F192316FB73001C55B7 /* Release */,
			);
			defaultConfigurationIsVisible = 0;
			defaultConfigurationName = Release;
		};
/* End XCConfigurationList section */

/* Begin XCRemoteSwiftPackageReference section */
		3C6C21A523171C9800407980 /* XCRemoteSwiftPackageReference "Kingfisher" */ = {
			isa = XCRemoteSwiftPackageReference;
			repositoryURL = "https://github.com/onevcat/Kingfisher.git";
			requirement = {
				branch = xcode11;
				kind = branch;
			};
		};
/* End XCRemoteSwiftPackageReference section */

/* Begin XCSwiftPackageProductDependency section */
		3C6C21A623171C9900407980 /* KingfisherSwiftUI */ = {
			isa = XCSwiftPackageProductDependency;
			package = 3C6C21A523171C9800407980 /* XCRemoteSwiftPackageReference "Kingfisher" */;
			productName = KingfisherSwiftUI;
		};
		3C6C21A823171C9900407980 /* Kingfisher */ = {
			isa = XCSwiftPackageProductDependency;
			package = 3C6C21A523171C9800407980 /* XCRemoteSwiftPackageReference "Kingfisher" */;
			productName = Kingfisher;
		};
/* End XCSwiftPackageProductDependency section */

/* Begin XCVersionGroup section */
		3C198F072316FB6E001C55B7 /* TMDBAPI.xcdatamodeld */ = {
			isa = XCVersionGroup;
			children = (
				3C198F082316FB6E001C55B7 /* TMDBAPI.xcdatamodel */,
			);
			currentVersion = 3C198F082316FB6E001C55B7 /* TMDBAPI.xcdatamodel */;
			path = TMDBAPI.xcdatamodeld;
			sourceTree = "<group>";
			versionGroupType = wrapper.xcdatamodel;
		};
/* End XCVersionGroup section */
	};
	rootObject = 3C198EF82316FB6D001C55B7 /* Project object */;
}
