// !$*UTF8*$!
{
	archiveVersion = 1;
	classes = {
	};
	objectVersion = 52;
	objects = {

/* Begin PBXBuildFile section */
		3C198F042316FB6E001C55B7 /* AppDelegate.swift in Sources */ = {isa = PBXBuildFile; fileRef = 3C198F032316FB6E001C55B7 /* AppDelegate.swift */; };
		3C198F062316FB6E001C55B7 /* SceneDelegate.swift in Sources */ = {isa = PBXBuildFile; fileRef = 3C198F052316FB6E001C55B7 /* SceneDelegate.swift */; };
		3C198F092316FB6E001C55B7 /* TMDBAPI.xcdatamodeld in Sources */ = {isa = PBXBuildFile; fileRef = 3C198F072316FB6E001C55B7 /* TMDBAPI.xcdatamodeld */; };
		3C198F0B2316FB6E001C55B7 /* MoviesListView.swift in Sources */ = {isa = PBXBuildFile; fileRef = 3C198F0A2316FB6E001C55B7 /* MoviesListView.swift */; };
		3C198F0D2316FB73001C55B7 /* Assets.xcassets in Resources */ = {isa = PBXBuildFile; fileRef = 3C198F0C2316FB73001C55B7 /* Assets.xcassets */; };
		3C198F102316FB73001C55B7 /* Preview Assets.xcassets in Resources */ = {isa = PBXBuildFile; fileRef = 3C198F0F2316FB73001C55B7 /* Preview Assets.xcassets */; };
		3C198F132316FB73001C55B7 /* LaunchScreen.storyboard in Resources */ = {isa = PBXBuildFile; fileRef = 3C198F112316FB73001C55B7 /* LaunchScreen.storyboard */; };
		3C198F1F2316FC98001C55B7 /* Webservice.swift in Sources */ = {isa = PBXBuildFile; fileRef = 3C198F1E2316FC98001C55B7 /* Webservice.swift */; };
		3C198F212316FCB4001C55B7 /* API.swift in Sources */ = {isa = PBXBuildFile; fileRef = 3C198F202316FCB4001C55B7 /* API.swift */; };
		3C6C21A02317030500407980 /* MovieModel.swift in Sources */ = {isa = PBXBuildFile; fileRef = 3C6C219F2317030500407980 /* MovieModel.swift */; };
		3C6C21A22317048D00407980 /* JSONDecoder+Extensions.swift in Sources */ = {isa = PBXBuildFile; fileRef = 3C6C21A12317048D00407980 /* JSONDecoder+Extensions.swift */; };
		3C6C21A42317060800407980 /* Fetcher.swift in Sources */ = {isa = PBXBuildFile; fileRef = 3C6C21A32317060800407980 /* Fetcher.swift */; };
		502F605023686FB900219852 /* MovieTypeHandler.swift in Sources */ = {isa = PBXBuildFile; fileRef = 502F604F23686FB900219852 /* MovieTypeHandler.swift */; };
		50412F5D2363865900794FFC /* Array+Extensions.swift in Sources */ = {isa = PBXBuildFile; fileRef = 50412F5C2363865900794FFC /* Array+Extensions.swift */; };
		504B004923575E2D002492BC /* Date+Extensions.swift in Sources */ = {isa = PBXBuildFile; fileRef = 504B004823575E2D002492BC /* Date+Extensions.swift */; };
		506FBD3C234CC53B00985646 /* ReviewsRow.swift in Sources */ = {isa = PBXBuildFile; fileRef = 506FBD3B234CC53B00985646 /* ReviewsRow.swift */; };
		506FBD3E234D0DB000985646 /* ContentModalView.swift in Sources */ = {isa = PBXBuildFile; fileRef = 506FBD3D234D0DB000985646 /* ContentModalView.swift */; };
		507632372364ABC1001A5C16 /* MoviesCollectionView.swift in Sources */ = {isa = PBXBuildFile; fileRef = 507632352364ABC0001A5C16 /* MoviesCollectionView.swift */; };
		507632382364ABC1001A5C16 /* MoviesCollectionViewCell.swift in Sources */ = {isa = PBXBuildFile; fileRef = 507632362364ABC1001A5C16 /* MoviesCollectionViewCell.swift */; };
		50AB68512369809A00FEA4DC /* Kingfisher in Frameworks */ = {isa = PBXBuildFile; productRef = 50AB68502369809A00FEA4DC /* Kingfisher */; };
		50AB68532369809A00FEA4DC /* KingfisherSwiftUI in Frameworks */ = {isa = PBXBuildFile; productRef = 50AB68522369809A00FEA4DC /* KingfisherSwiftUI */; };
		50B27162236DBCA400190E59 /* View+TypeErasure.swift in Sources */ = {isa = PBXBuildFile; fileRef = 50B27161236DBCA400190E59 /* View+TypeErasure.swift */; };
		50D686532356188C0033BFE0 /* MovieCollectionView.swift in Sources */ = {isa = PBXBuildFile; fileRef = 50D686522356188C0033BFE0 /* MovieCollectionView.swift */; };
		50D68655235646DD0033BFE0 /* MovieCollectionDetails.swift in Sources */ = {isa = PBXBuildFile; fileRef = 50D68654235646DD0033BFE0 /* MovieCollectionDetails.swift */; };
		6010A4DE23391A550033F73A /* UIImage+Extensions.swift in Sources */ = {isa = PBXBuildFile; fileRef = 6010A4DD23391A550033F73A /* UIImage+Extensions.swift */; };
		6025277A23478F64007BB837 /* PersonView.swift in Sources */ = {isa = PBXBuildFile; fileRef = 6025277923478F63007BB837 /* PersonView.swift */; };
		60347FA523269F58005DBD6E /* MovieImageCell.swift in Sources */ = {isa = PBXBuildFile; fileRef = 60347FA423269F58005DBD6E /* MovieImageCell.swift */; };
		60393755231D330C00486F7A /* MovieImagesCollectionView.swift in Sources */ = {isa = PBXBuildFile; fileRef = 60393754231D330C00486F7A /* MovieImagesCollectionView.swift */; };
		604127082319BB3200A4413C /* Reviews.swift in Sources */ = {isa = PBXBuildFile; fileRef = 604127072319BB3200A4413C /* Reviews.swift */; };
		6041270C2319CF2300A4413C /* String+Extensions.swift in Sources */ = {isa = PBXBuildFile; fileRef = 6041270B2319CF2300A4413C /* String+Extensions.swift */; };
		60424F492347D84D0091E4BE /* PersonMoviesView.swift in Sources */ = {isa = PBXBuildFile; fileRef = 60424F482347D84D0091E4BE /* PersonMoviesView.swift */; };
		60424F4B2347E6230091E4BE /* PickerView.swift in Sources */ = {isa = PBXBuildFile; fileRef = 60424F4A2347E6230091E4BE /* PickerView.swift */; };
		60424F4D2347E6480091E4BE /* Collection+Extensions.swift in Sources */ = {isa = PBXBuildFile; fileRef = 60424F4C2347E6480091E4BE /* Collection+Extensions.swift */; };
		604D567A2344DD0500C6A682 /* SafariController.swift in Sources */ = {isa = PBXBuildFile; fileRef = 604D56792344DD0500C6A682 /* SafariController.swift */; };
		604EEF50233E0AD500D40283 /* StaticMovies.json in Resources */ = {isa = PBXBuildFile; fileRef = 604EEF4F233E0AD500D40283 /* StaticMovies.json */; };
		604EEF52233E0B0F00D40283 /* Constants.swift in Sources */ = {isa = PBXBuildFile; fileRef = 604EEF51233E0B0F00D40283 /* Constants.swift */; };
		604EEF54233E10FB00D40283 /* Cast.swift in Sources */ = {isa = PBXBuildFile; fileRef = 604EEF53233E10FB00D40283 /* Cast.swift */; };
		604EEF56233E110300D40283 /* Crew.swift in Sources */ = {isa = PBXBuildFile; fileRef = 604EEF55233E110300D40283 /* Crew.swift */; };
		604EEF58233E144500D40283 /* Credits.swift in Sources */ = {isa = PBXBuildFile; fileRef = 604EEF57233E144500D40283 /* Credits.swift */; };
		604EEF5A233E186E00D40283 /* MovieCreditsView.swift in Sources */ = {isa = PBXBuildFile; fileRef = 604EEF59233E186E00D40283 /* MovieCreditsView.swift */; };
		60598028231AEF480084483B /* EdgeInsets+Extensions.swift in Sources */ = {isa = PBXBuildFile; fileRef = 60598027231AEF480084483B /* EdgeInsets+Extensions.swift */; };
		6059802A231AFB870084483B /* Formatter+Extensions.swift in Sources */ = {isa = PBXBuildFile; fileRef = 60598029231AFB870084483B /* Formatter+Extensions.swift */; };
		6059803C231B20F20084483B /* Roboto-Medium.ttf in Resources */ = {isa = PBXBuildFile; fileRef = 6059802F231B20F20084483B /* Roboto-Medium.ttf */; };
		6059803D231B20F20084483B /* Roboto-Light.ttf in Resources */ = {isa = PBXBuildFile; fileRef = 60598030231B20F20084483B /* Roboto-Light.ttf */; };
		6059803E231B20F20084483B /* Roboto-Regular.ttf in Resources */ = {isa = PBXBuildFile; fileRef = 60598031231B20F20084483B /* Roboto-Regular.ttf */; };
		6059803F231B20F20084483B /* Roboto-MediumItalic.ttf in Resources */ = {isa = PBXBuildFile; fileRef = 60598032231B20F20084483B /* Roboto-MediumItalic.ttf */; };
		60598040231B20F20084483B /* Roboto-ThinItalic.ttf in Resources */ = {isa = PBXBuildFile; fileRef = 60598033231B20F20084483B /* Roboto-ThinItalic.ttf */; };
		60598041231B20F20084483B /* Roboto-BoldItalic.ttf in Resources */ = {isa = PBXBuildFile; fileRef = 60598034231B20F20084483B /* Roboto-BoldItalic.ttf */; };
		60598042231B20F20084483B /* Roboto-LightItalic.ttf in Resources */ = {isa = PBXBuildFile; fileRef = 60598035231B20F20084483B /* Roboto-LightItalic.ttf */; };
		60598043231B20F20084483B /* LICENSE.txt in Resources */ = {isa = PBXBuildFile; fileRef = 60598036231B20F20084483B /* LICENSE.txt */; };
		60598044231B20F20084483B /* Roboto-BlackItalic.ttf in Resources */ = {isa = PBXBuildFile; fileRef = 60598037231B20F20084483B /* Roboto-BlackItalic.ttf */; };
		60598045231B20F20084483B /* Roboto-Bold.ttf in Resources */ = {isa = PBXBuildFile; fileRef = 60598038231B20F20084483B /* Roboto-Bold.ttf */; };
		60598046231B20F20084483B /* Roboto-Thin.ttf in Resources */ = {isa = PBXBuildFile; fileRef = 60598039231B20F20084483B /* Roboto-Thin.ttf */; };
		60598047231B20F20084483B /* Roboto-Black.ttf in Resources */ = {isa = PBXBuildFile; fileRef = 6059803A231B20F20084483B /* Roboto-Black.ttf */; };
		60598048231B20F20084483B /* Roboto-RegularItalic.ttf in Resources */ = {isa = PBXBuildFile; fileRef = 6059803B231B20F20084483B /* Roboto-RegularItalic.ttf */; };
		6059804B231B228C0084483B /* TitleModifier.swift in Sources */ = {isa = PBXBuildFile; fileRef = 6059804A231B228C0084483B /* TitleModifier.swift */; };
		6059804D231B263B0084483B /* Font+Extensions.swift in Sources */ = {isa = PBXBuildFile; fileRef = 6059804C231B263B0084483B /* Font+Extensions.swift */; };
		6059804F231B37A30084483B /* ProductionCompaniesView.swift in Sources */ = {isa = PBXBuildFile; fileRef = 6059804E231B37A30084483B /* ProductionCompaniesView.swift */; };
		60598051231B38270084483B /* Optional+Extensions.swift in Sources */ = {isa = PBXBuildFile; fileRef = 60598050231B38270084483B /* Optional+Extensions.swift */; };
		60683DAD234798A600507BD3 /* PersonMovie.swift in Sources */ = {isa = PBXBuildFile; fileRef = 60683DAC234798A600507BD3 /* PersonMovie.swift */; };
		606B255523192FB40011D59C /* Double+Extensions.swift in Sources */ = {isa = PBXBuildFile; fileRef = 606B255423192FB40011D59C /* Double+Extensions.swift */; };
		6076089E2325AD5700B5A2BE /* CollectionView.swift in Sources */ = {isa = PBXBuildFile; fileRef = 6076089D2325AD5700B5A2BE /* CollectionView.swift */; };
		608E0AE0234207CD00C20B10 /* Person.swift in Sources */ = {isa = PBXBuildFile; fileRef = 608E0ADF234207CD00C20B10 /* Person.swift */; };
		608FA3442338F40F00AE231B /* ImageCache+Extensions.swift in Sources */ = {isa = PBXBuildFile; fileRef = 608FA3432338F40F00AE231B /* ImageCache+Extensions.swift */; };
		608FA3482338FF3300AE231B /* MovieImagesView.swift in Sources */ = {isa = PBXBuildFile; fileRef = 608FA3472338FF3300AE231B /* MovieImagesView.swift */; };
		60A374DF2317D8B700DD39E7 /* MovieDetailsView.swift in Sources */ = {isa = PBXBuildFile; fileRef = 60A374DE2317D8B700DD39E7 /* MovieDetailsView.swift */; };
		60A6C3712347517400E44DC9 /* TextView.swift in Sources */ = {isa = PBXBuildFile; fileRef = 60A6C3702347517400E44DC9 /* TextView.swift */; };
		60A6C373234759A000E44DC9 /* UIScreen+Extensions.swift in Sources */ = {isa = PBXBuildFile; fileRef = 60A6C372234759A000E44DC9 /* UIScreen+Extensions.swift */; };
		60C7C1D02339484E007A2A59 /* UIColor+Extensions.swift in Sources */ = {isa = PBXBuildFile; fileRef = 60C7C1CF2339484E007A2A59 /* UIColor+Extensions.swift */; };
		60D4CA38231C7296000E32C6 /* Notification Name+Extensions.swift in Sources */ = {isa = PBXBuildFile; fileRef = 60D4CA37231C7296000E32C6 /* Notification Name+Extensions.swift */; };
		60E7A0872348D48200A6E57E /* MovieImageViewerView.swift in Sources */ = {isa = PBXBuildFile; fileRef = 60E7A0862348D48100A6E57E /* MovieImageViewerView.swift */; };
/* End PBXBuildFile section */

/* Begin PBXFileReference section */
		3C198F002316FB6E001C55B7 /* TMDBAPI.app */ = {isa = PBXFileReference; explicitFileType = wrapper.application; includeInIndex = 0; path = TMDBAPI.app; sourceTree = BUILT_PRODUCTS_DIR; };
		3C198F032316FB6E001C55B7 /* AppDelegate.swift */ = {isa = PBXFileReference; lastKnownFileType = sourcecode.swift; name = AppDelegate.swift; path = ../AppDelegate.swift; sourceTree = "<group>"; };
		3C198F052316FB6E001C55B7 /* SceneDelegate.swift */ = {isa = PBXFileReference; lastKnownFileType = sourcecode.swift; name = SceneDelegate.swift; path = ../SceneDelegate.swift; sourceTree = "<group>"; };
		3C198F082316FB6E001C55B7 /* TMDBAPI.xcdatamodel */ = {isa = PBXFileReference; lastKnownFileType = wrapper.xcdatamodel; path = TMDBAPI.xcdatamodel; sourceTree = "<group>"; };
		3C198F0A2316FB6E001C55B7 /* MoviesListView.swift */ = {isa = PBXFileReference; lastKnownFileType = sourcecode.swift; path = MoviesListView.swift; sourceTree = "<group>"; };
		3C198F0C2316FB73001C55B7 /* Assets.xcassets */ = {isa = PBXFileReference; lastKnownFileType = folder.assetcatalog; path = Assets.xcassets; sourceTree = "<group>"; };
		3C198F0F2316FB73001C55B7 /* Preview Assets.xcassets */ = {isa = PBXFileReference; lastKnownFileType = folder.assetcatalog; path = "Preview Assets.xcassets"; sourceTree = "<group>"; };
		3C198F122316FB73001C55B7 /* Base */ = {isa = PBXFileReference; lastKnownFileType = file.storyboard; name = Base; path = Base.lproj/LaunchScreen.storyboard; sourceTree = "<group>"; };
		3C198F142316FB73001C55B7 /* Info.plist */ = {isa = PBXFileReference; lastKnownFileType = text.plist.xml; path = Info.plist; sourceTree = "<group>"; };
		3C198F1E2316FC98001C55B7 /* Webservice.swift */ = {isa = PBXFileReference; lastKnownFileType = sourcecode.swift; path = Webservice.swift; sourceTree = "<group>"; };
		3C198F202316FCB4001C55B7 /* API.swift */ = {isa = PBXFileReference; lastKnownFileType = sourcecode.swift; path = API.swift; sourceTree = "<group>"; };
		3C6C219F2317030500407980 /* MovieModel.swift */ = {isa = PBXFileReference; lastKnownFileType = sourcecode.swift; path = MovieModel.swift; sourceTree = "<group>"; };
		3C6C21A12317048D00407980 /* JSONDecoder+Extensions.swift */ = {isa = PBXFileReference; lastKnownFileType = sourcecode.swift; path = "JSONDecoder+Extensions.swift"; sourceTree = "<group>"; };
		3C6C21A32317060800407980 /* Fetcher.swift */ = {isa = PBXFileReference; lastKnownFileType = sourcecode.swift; path = Fetcher.swift; sourceTree = "<group>"; };
		502F604F23686FB900219852 /* MovieTypeHandler.swift */ = {isa = PBXFileReference; lastKnownFileType = sourcecode.swift; path = MovieTypeHandler.swift; sourceTree = "<group>"; };
		50412F5C2363865900794FFC /* Array+Extensions.swift */ = {isa = PBXFileReference; lastKnownFileType = sourcecode.swift; path = "Array+Extensions.swift"; sourceTree = "<group>"; };
		504B004823575E2D002492BC /* Date+Extensions.swift */ = {isa = PBXFileReference; lastKnownFileType = sourcecode.swift; path = "Date+Extensions.swift"; sourceTree = "<group>"; };
		506FBD3B234CC53B00985646 /* ReviewsRow.swift */ = {isa = PBXFileReference; lastKnownFileType = sourcecode.swift; path = ReviewsRow.swift; sourceTree = "<group>"; };
		506FBD3D234D0DB000985646 /* ContentModalView.swift */ = {isa = PBXFileReference; lastKnownFileType = sourcecode.swift; path = ContentModalView.swift; sourceTree = "<group>"; };
		507632352364ABC0001A5C16 /* MoviesCollectionView.swift */ = {isa = PBXFileReference; fileEncoding = 4; lastKnownFileType = sourcecode.swift; path = MoviesCollectionView.swift; sourceTree = "<group>"; xcLanguageSpecificationIdentifier = xcode.lang.swift; };
		507632362364ABC1001A5C16 /* MoviesCollectionViewCell.swift */ = {isa = PBXFileReference; fileEncoding = 4; lastKnownFileType = sourcecode.swift; path = MoviesCollectionViewCell.swift; sourceTree = "<group>"; };
		50B27161236DBCA400190E59 /* View+TypeErasure.swift */ = {isa = PBXFileReference; lastKnownFileType = sourcecode.swift; path = "View+TypeErasure.swift"; sourceTree = "<group>"; };
		50D686522356188C0033BFE0 /* MovieCollectionView.swift */ = {isa = PBXFileReference; lastKnownFileType = sourcecode.swift; path = MovieCollectionView.swift; sourceTree = "<group>"; };
		50D68654235646DD0033BFE0 /* MovieCollectionDetails.swift */ = {isa = PBXFileReference; lastKnownFileType = sourcecode.swift; path = MovieCollectionDetails.swift; sourceTree = "<group>"; };
		6010A4DD23391A550033F73A /* UIImage+Extensions.swift */ = {isa = PBXFileReference; lastKnownFileType = sourcecode.swift; path = "UIImage+Extensions.swift"; sourceTree = "<group>"; };
		6025277923478F63007BB837 /* PersonView.swift */ = {isa = PBXFileReference; lastKnownFileType = sourcecode.swift; path = PersonView.swift; sourceTree = "<group>"; };
		60347FA423269F58005DBD6E /* MovieImageCell.swift */ = {isa = PBXFileReference; lastKnownFileType = sourcecode.swift; path = MovieImageCell.swift; sourceTree = "<group>"; };
		60393754231D330C00486F7A /* MovieImagesCollectionView.swift */ = {isa = PBXFileReference; lastKnownFileType = sourcecode.swift; path = MovieImagesCollectionView.swift; sourceTree = "<group>"; };
		604127072319BB3200A4413C /* Reviews.swift */ = {isa = PBXFileReference; lastKnownFileType = sourcecode.swift; path = Reviews.swift; sourceTree = "<group>"; };
		6041270B2319CF2300A4413C /* String+Extensions.swift */ = {isa = PBXFileReference; lastKnownFileType = sourcecode.swift; path = "String+Extensions.swift"; sourceTree = "<group>"; };
		60424F482347D84D0091E4BE /* PersonMoviesView.swift */ = {isa = PBXFileReference; lastKnownFileType = sourcecode.swift; path = PersonMoviesView.swift; sourceTree = "<group>"; };
		60424F4A2347E6230091E4BE /* PickerView.swift */ = {isa = PBXFileReference; lastKnownFileType = sourcecode.swift; path = PickerView.swift; sourceTree = "<group>"; };
		60424F4C2347E6480091E4BE /* Collection+Extensions.swift */ = {isa = PBXFileReference; lastKnownFileType = sourcecode.swift; path = "Collection+Extensions.swift"; sourceTree = "<group>"; };
		604D56792344DD0500C6A682 /* SafariController.swift */ = {isa = PBXFileReference; lastKnownFileType = sourcecode.swift; path = SafariController.swift; sourceTree = "<group>"; };
		604EEF4F233E0AD500D40283 /* StaticMovies.json */ = {isa = PBXFileReference; fileEncoding = 4; lastKnownFileType = text.json; path = StaticMovies.json; sourceTree = "<group>"; };
		604EEF51233E0B0F00D40283 /* Constants.swift */ = {isa = PBXFileReference; lastKnownFileType = sourcecode.swift; path = Constants.swift; sourceTree = "<group>"; };
		604EEF53233E10FB00D40283 /* Cast.swift */ = {isa = PBXFileReference; lastKnownFileType = sourcecode.swift; path = Cast.swift; sourceTree = "<group>"; };
		604EEF55233E110300D40283 /* Crew.swift */ = {isa = PBXFileReference; lastKnownFileType = sourcecode.swift; path = Crew.swift; sourceTree = "<group>"; };
		604EEF57233E144500D40283 /* Credits.swift */ = {isa = PBXFileReference; lastKnownFileType = sourcecode.swift; path = Credits.swift; sourceTree = "<group>"; };
		604EEF59233E186E00D40283 /* MovieCreditsView.swift */ = {isa = PBXFileReference; lastKnownFileType = sourcecode.swift; path = MovieCreditsView.swift; sourceTree = "<group>"; };
		60598027231AEF480084483B /* EdgeInsets+Extensions.swift */ = {isa = PBXFileReference; lastKnownFileType = sourcecode.swift; path = "EdgeInsets+Extensions.swift"; sourceTree = "<group>"; };
		60598029231AFB870084483B /* Formatter+Extensions.swift */ = {isa = PBXFileReference; lastKnownFileType = sourcecode.swift; path = "Formatter+Extensions.swift"; sourceTree = "<group>"; };
		6059802F231B20F20084483B /* Roboto-Medium.ttf */ = {isa = PBXFileReference; lastKnownFileType = file; path = "Roboto-Medium.ttf"; sourceTree = "<group>"; };
		60598030231B20F20084483B /* Roboto-Light.ttf */ = {isa = PBXFileReference; lastKnownFileType = file; path = "Roboto-Light.ttf"; sourceTree = "<group>"; };
		60598031231B20F20084483B /* Roboto-Regular.ttf */ = {isa = PBXFileReference; lastKnownFileType = file; path = "Roboto-Regular.ttf"; sourceTree = "<group>"; };
		60598032231B20F20084483B /* Roboto-MediumItalic.ttf */ = {isa = PBXFileReference; lastKnownFileType = file; path = "Roboto-MediumItalic.ttf"; sourceTree = "<group>"; };
		60598033231B20F20084483B /* Roboto-ThinItalic.ttf */ = {isa = PBXFileReference; lastKnownFileType = file; path = "Roboto-ThinItalic.ttf"; sourceTree = "<group>"; };
		60598034231B20F20084483B /* Roboto-BoldItalic.ttf */ = {isa = PBXFileReference; lastKnownFileType = file; path = "Roboto-BoldItalic.ttf"; sourceTree = "<group>"; };
		60598035231B20F20084483B /* Roboto-LightItalic.ttf */ = {isa = PBXFileReference; lastKnownFileType = file; path = "Roboto-LightItalic.ttf"; sourceTree = "<group>"; };
		60598036231B20F20084483B /* LICENSE.txt */ = {isa = PBXFileReference; fileEncoding = 4; lastKnownFileType = text; path = LICENSE.txt; sourceTree = "<group>"; };
		60598037231B20F20084483B /* Roboto-BlackItalic.ttf */ = {isa = PBXFileReference; lastKnownFileType = file; path = "Roboto-BlackItalic.ttf"; sourceTree = "<group>"; };
		60598038231B20F20084483B /* Roboto-Bold.ttf */ = {isa = PBXFileReference; lastKnownFileType = file; path = "Roboto-Bold.ttf"; sourceTree = "<group>"; };
		60598039231B20F20084483B /* Roboto-Thin.ttf */ = {isa = PBXFileReference; lastKnownFileType = file; path = "Roboto-Thin.ttf"; sourceTree = "<group>"; };
		6059803A231B20F20084483B /* Roboto-Black.ttf */ = {isa = PBXFileReference; lastKnownFileType = file; path = "Roboto-Black.ttf"; sourceTree = "<group>"; };
		6059803B231B20F20084483B /* Roboto-RegularItalic.ttf */ = {isa = PBXFileReference; lastKnownFileType = file; path = "Roboto-RegularItalic.ttf"; sourceTree = "<group>"; };
		6059804A231B228C0084483B /* TitleModifier.swift */ = {isa = PBXFileReference; lastKnownFileType = sourcecode.swift; path = TitleModifier.swift; sourceTree = "<group>"; };
		6059804C231B263B0084483B /* Font+Extensions.swift */ = {isa = PBXFileReference; lastKnownFileType = sourcecode.swift; path = "Font+Extensions.swift"; sourceTree = "<group>"; };
		6059804E231B37A30084483B /* ProductionCompaniesView.swift */ = {isa = PBXFileReference; lastKnownFileType = sourcecode.swift; path = ProductionCompaniesView.swift; sourceTree = "<group>"; };
		60598050231B38270084483B /* Optional+Extensions.swift */ = {isa = PBXFileReference; lastKnownFileType = sourcecode.swift; path = "Optional+Extensions.swift"; sourceTree = "<group>"; };
		60683DAC234798A600507BD3 /* PersonMovie.swift */ = {isa = PBXFileReference; lastKnownFileType = sourcecode.swift; path = PersonMovie.swift; sourceTree = "<group>"; };
		606B255423192FB40011D59C /* Double+Extensions.swift */ = {isa = PBXFileReference; lastKnownFileType = sourcecode.swift; path = "Double+Extensions.swift"; sourceTree = "<group>"; };
		6076089D2325AD5700B5A2BE /* CollectionView.swift */ = {isa = PBXFileReference; fileEncoding = 4; lastKnownFileType = sourcecode.swift; path = CollectionView.swift; sourceTree = "<group>"; };
		608E0ADF234207CD00C20B10 /* Person.swift */ = {isa = PBXFileReference; lastKnownFileType = sourcecode.swift; path = Person.swift; sourceTree = "<group>"; };
		608FA3432338F40F00AE231B /* ImageCache+Extensions.swift */ = {isa = PBXFileReference; lastKnownFileType = sourcecode.swift; path = "ImageCache+Extensions.swift"; sourceTree = "<group>"; };
		608FA3472338FF3300AE231B /* MovieImagesView.swift */ = {isa = PBXFileReference; lastKnownFileType = sourcecode.swift; path = MovieImagesView.swift; sourceTree = "<group>"; };
		60A374DE2317D8B700DD39E7 /* MovieDetailsView.swift */ = {isa = PBXFileReference; lastKnownFileType = sourcecode.swift; path = MovieDetailsView.swift; sourceTree = "<group>"; };
		60A6C3702347517400E44DC9 /* TextView.swift */ = {isa = PBXFileReference; lastKnownFileType = sourcecode.swift; path = TextView.swift; sourceTree = "<group>"; };
		60A6C372234759A000E44DC9 /* UIScreen+Extensions.swift */ = {isa = PBXFileReference; lastKnownFileType = sourcecode.swift; path = "UIScreen+Extensions.swift"; sourceTree = "<group>"; };
		60C7C1CF2339484E007A2A59 /* UIColor+Extensions.swift */ = {isa = PBXFileReference; lastKnownFileType = sourcecode.swift; path = "UIColor+Extensions.swift"; sourceTree = "<group>"; };
		60D4CA37231C7296000E32C6 /* Notification Name+Extensions.swift */ = {isa = PBXFileReference; lastKnownFileType = sourcecode.swift; path = "Notification Name+Extensions.swift"; sourceTree = "<group>"; };
		60E7A0862348D48100A6E57E /* MovieImageViewerView.swift */ = {isa = PBXFileReference; lastKnownFileType = sourcecode.swift; path = MovieImageViewerView.swift; sourceTree = "<group>"; };
/* End PBXFileReference section */

/* Begin PBXFrameworksBuildPhase section */
		3C198EFD2316FB6D001C55B7 /* Frameworks */ = {
			isa = PBXFrameworksBuildPhase;
			buildActionMask = 2147483647;
			files = (
				50AB68532369809A00FEA4DC /* KingfisherSwiftUI in Frameworks */,
				50AB68512369809A00FEA4DC /* Kingfisher in Frameworks */,
			);
			runOnlyForDeploymentPostprocessing = 0;
		};
/* End PBXFrameworksBuildPhase section */

/* Begin PBXGroup section */
		3C198EF72316FB6D001C55B7 = {
			isa = PBXGroup;
			children = (
				3C198F022316FB6E001C55B7 /* TMDBAPI */,
				3C198F012316FB6E001C55B7 /* Products */,
			);
			sourceTree = "<group>";
		};
		3C198F012316FB6E001C55B7 /* Products */ = {
			isa = PBXGroup;
			children = (
				3C198F002316FB6E001C55B7 /* TMDBAPI.app */,
			);
			name = Products;
			sourceTree = "<group>";
		};
		3C198F022316FB6E001C55B7 /* TMDBAPI */ = {
			isa = PBXGroup;
			children = (
				3C198F1A2316FC33001C55B7 /* Delegates */,
				3C198F222316FCB8001C55B7 /* API */,
				604EEF4E233E0AC000D40283 /* Constants */,
				6076089C2325AD4200B5A2BE /* UIKit components */,
				60598049231B227A0084483B /* ViewModifiers */,
				6059802D231B1E9A0084483B /* Fonts */,
				3C198F1D2316FC58001C55B7 /* Extensions */,
				3C198F1C2316FC43001C55B7 /* Services */,
				3C6C219E231702EB00407980 /* Model */,
				3C198F1B2316FC3E001C55B7 /* Views */,
				3C198F0C2316FB73001C55B7 /* Assets.xcassets */,
				3C198F112316FB73001C55B7 /* LaunchScreen.storyboard */,
				3C198F142316FB73001C55B7 /* Info.plist */,
				3C198F072316FB6E001C55B7 /* TMDBAPI.xcdatamodeld */,
				3C198F0E2316FB73001C55B7 /* Preview Content */,
			);
			path = TMDBAPI;
			sourceTree = "<group>";
		};
		3C198F0E2316FB73001C55B7 /* Preview Content */ = {
			isa = PBXGroup;
			children = (
				3C198F0F2316FB73001C55B7 /* Preview Assets.xcassets */,
			);
			path = "Preview Content";
			sourceTree = "<group>";
		};
		3C198F1A2316FC33001C55B7 /* Delegates */ = {
			isa = PBXGroup;
			children = (
				3C198F032316FB6E001C55B7 /* AppDelegate.swift */,
				3C198F052316FB6E001C55B7 /* SceneDelegate.swift */,
			);
			path = Delegates;
			sourceTree = "<group>";
		};
		3C198F1B2316FC3E001C55B7 /* Views */ = {
			isa = PBXGroup;
			children = (
				60E7A0892348D4AA00A6E57E /* Movies List View */,
				6057ED3F233F767A000FDC3D /* Movie Detail Views */,
				60424F4A2347E6230091E4BE /* PickerView.swift */,
				506FBD3D234D0DB000985646 /* ContentModalView.swift */,
			);
			path = Views;
			sourceTree = "<group>";
		};
		3C198F1C2316FC43001C55B7 /* Services */ = {
			isa = PBXGroup;
			children = (
				3C198F1E2316FC98001C55B7 /* Webservice.swift */,
				3C6C21A32317060800407980 /* Fetcher.swift */,
				502F604F23686FB900219852 /* MovieTypeHandler.swift */,
			);
			path = Services;
			sourceTree = "<group>";
		};
		3C198F1D2316FC58001C55B7 /* Extensions */ = {
			isa = PBXGroup;
			children = (
				3C6C21A12317048D00407980 /* JSONDecoder+Extensions.swift */,
				606B255423192FB40011D59C /* Double+Extensions.swift */,
				60598029231AFB870084483B /* Formatter+Extensions.swift */,
				504B004823575E2D002492BC /* Date+Extensions.swift */,
				60424F4C2347E6480091E4BE /* Collection+Extensions.swift */,
				6041270B2319CF2300A4413C /* String+Extensions.swift */,
				60598027231AEF480084483B /* EdgeInsets+Extensions.swift */,
				6059804C231B263B0084483B /* Font+Extensions.swift */,
				60598050231B38270084483B /* Optional+Extensions.swift */,
				60D4CA37231C7296000E32C6 /* Notification Name+Extensions.swift */,
				608FA3432338F40F00AE231B /* ImageCache+Extensions.swift */,
				6010A4DD23391A550033F73A /* UIImage+Extensions.swift */,
				60C7C1CF2339484E007A2A59 /* UIColor+Extensions.swift */,
				60A6C372234759A000E44DC9 /* UIScreen+Extensions.swift */,
				50412F5C2363865900794FFC /* Array+Extensions.swift */,
				50B27161236DBCA400190E59 /* View+TypeErasure.swift */,
			);
			path = Extensions;
			sourceTree = "<group>";
		};
		3C198F222316FCB8001C55B7 /* API */ = {
			isa = PBXGroup;
			children = (
				3C198F202316FCB4001C55B7 /* API.swift */,
			);
			path = API;
			sourceTree = "<group>";
		};
		3C6C219E231702EB00407980 /* Model */ = {
			isa = PBXGroup;
			children = (
				3C6C219F2317030500407980 /* MovieModel.swift */,
				604127072319BB3200A4413C /* Reviews.swift */,
				604EEF57233E144500D40283 /* Credits.swift */,
				604EEF53233E10FB00D40283 /* Cast.swift */,
				604EEF55233E110300D40283 /* Crew.swift */,
				608E0ADF234207CD00C20B10 /* Person.swift */,
				60683DAC234798A600507BD3 /* PersonMovie.swift */,
				50D68654235646DD0033BFE0 /* MovieCollectionDetails.swift */,
			);
			path = Model;
			sourceTree = "<group>";
		};
		60424F472347D8390091E4BE /* Person View */ = {
			isa = PBXGroup;
			children = (
				6025277923478F63007BB837 /* PersonView.swift */,
				60424F482347D84D0091E4BE /* PersonMoviesView.swift */,
			);
			path = "Person View";
			sourceTree = "<group>";
		};
		60424F4E2348D3A40091E4BE /* MovieCreditsView */ = {
			isa = PBXGroup;
			children = (
				604EEF59233E186E00D40283 /* MovieCreditsView.swift */,
				60424F472347D8390091E4BE /* Person View */,
			);
			path = MovieCreditsView;
			sourceTree = "<group>";
		};
		604EEF4E233E0AC000D40283 /* Constants */ = {
			isa = PBXGroup;
			children = (
				604EEF4F233E0AD500D40283 /* StaticMovies.json */,
				604EEF51233E0B0F00D40283 /* Constants.swift */,
			);
			path = Constants;
			sourceTree = "<group>";
		};
		6057ED3F233F767A000FDC3D /* Movie Detail Views */ = {
			isa = PBXGroup;
			children = (
				60A374DE2317D8B700DD39E7 /* MovieDetailsView.swift */,
				6059804E231B37A30084483B /* ProductionCompaniesView.swift */,
				50D686522356188C0033BFE0 /* MovieCollectionView.swift */,
				60E7A0882348D49000A6E57E /* MovieImagesView */,
				60424F4E2348D3A40091E4BE /* MovieCreditsView */,
				506FBD3B234CC53B00985646 /* ReviewsRow.swift */,
			);
			path = "Movie Detail Views";
			sourceTree = "<group>";
		};
		6059802D231B1E9A0084483B /* Fonts */ = {
			isa = PBXGroup;
			children = (
				6059802E231B20F20084483B /* Roboto */,
			);
			path = Fonts;
			sourceTree = "<group>";
		};
		6059802E231B20F20084483B /* Roboto */ = {
			isa = PBXGroup;
			children = (
				6059802F231B20F20084483B /* Roboto-Medium.ttf */,
				60598030231B20F20084483B /* Roboto-Light.ttf */,
				60598031231B20F20084483B /* Roboto-Regular.ttf */,
				60598032231B20F20084483B /* Roboto-MediumItalic.ttf */,
				60598033231B20F20084483B /* Roboto-ThinItalic.ttf */,
				60598034231B20F20084483B /* Roboto-BoldItalic.ttf */,
				60598035231B20F20084483B /* Roboto-LightItalic.ttf */,
				60598036231B20F20084483B /* LICENSE.txt */,
				60598037231B20F20084483B /* Roboto-BlackItalic.ttf */,
				60598038231B20F20084483B /* Roboto-Bold.ttf */,
				60598039231B20F20084483B /* Roboto-Thin.ttf */,
				6059803A231B20F20084483B /* Roboto-Black.ttf */,
				6059803B231B20F20084483B /* Roboto-RegularItalic.ttf */,
			);
			path = Roboto;
			sourceTree = "<group>";
		};
		60598049231B227A0084483B /* ViewModifiers */ = {
			isa = PBXGroup;
			children = (
				6059804A231B228C0084483B /* TitleModifier.swift */,
			);
			path = ViewModifiers;
			sourceTree = "<group>";
		};
		6076089C2325AD4200B5A2BE /* UIKit components */ = {
			isa = PBXGroup;
			children = (
				507632352364ABC0001A5C16 /* MoviesCollectionView.swift */,
				507632362364ABC1001A5C16 /* MoviesCollectionViewCell.swift */,
				6076089D2325AD5700B5A2BE /* CollectionView.swift */,
				60347FA423269F58005DBD6E /* MovieImageCell.swift */,
				604D56792344DD0500C6A682 /* SafariController.swift */,
				60A6C3702347517400E44DC9 /* TextView.swift */,
			);
			path = "UIKit components";
			sourceTree = "<group>";
		};
		60E7A0882348D49000A6E57E /* MovieImagesView */ = {
			isa = PBXGroup;
			children = (
				608FA3472338FF3300AE231B /* MovieImagesView.swift */,
				60393754231D330C00486F7A /* MovieImagesCollectionView.swift */,
				60E7A0862348D48100A6E57E /* MovieImageViewerView.swift */,
			);
			path = MovieImagesView;
			sourceTree = "<group>";
		};
		60E7A0892348D4AA00A6E57E /* Movies List View */ = {
			isa = PBXGroup;
			children = (
				3C198F0A2316FB6E001C55B7 /* MoviesListView.swift */,
			);
			path = "Movies List View";
			sourceTree = "<group>";
		};
/* End PBXGroup section */

/* Begin PBXNativeTarget section */
		3C198EFF2316FB6D001C55B7 /* TMDBAPI */ = {
			isa = PBXNativeTarget;
			buildConfigurationList = 3C198F172316FB73001C55B7 /* Build configuration list for PBXNativeTarget "TMDBAPI" */;
			buildPhases = (
				3C198EFC2316FB6D001C55B7 /* Sources */,
				3C198EFD2316FB6D001C55B7 /* Frameworks */,
				3C198EFE2316FB6D001C55B7 /* Resources */,
			);
			buildRules = (
			);
			dependencies = (
			);
			name = TMDBAPI;
			packageProductDependencies = (
				50AB68502369809A00FEA4DC /* Kingfisher */,
				50AB68522369809A00FEA4DC /* KingfisherSwiftUI */,
			);
			productName = TMDBAPI;
			productReference = 3C198F002316FB6E001C55B7 /* TMDBAPI.app */;
			productType = "com.apple.product-type.application";
		};
/* End PBXNativeTarget section */

/* Begin PBXProject section */
		3C198EF82316FB6D001C55B7 /* Project object */ = {
			isa = PBXProject;
			attributes = {
				LastSwiftUpdateCheck = 1100;
				LastUpgradeCheck = 1100;
				ORGANIZATIONNAME = GhaffMac;
				TargetAttributes = {
					3C198EFF2316FB6D001C55B7 = {
						CreatedOnToolsVersion = 11.0;
					};
				};
			};
			buildConfigurationList = 3C198EFB2316FB6D001C55B7 /* Build configuration list for PBXProject "TMDBAPI" */;
			compatibilityVersion = "Xcode 9.3";
			developmentRegion = en;
			hasScannedForEncodings = 0;
			knownRegions = (
				en,
				Base,
			);
			mainGroup = 3C198EF72316FB6D001C55B7;
			packageReferences = (
				50AB684F2369809A00FEA4DC /* XCRemoteSwiftPackageReference "Kingfisher" */,
			);
			productRefGroup = 3C198F012316FB6E001C55B7 /* Products */;
			projectDirPath = "";
			projectRoot = "";
			targets = (
				3C198EFF2316FB6D001C55B7 /* TMDBAPI */,
			);
		};
/* End PBXProject section */

/* Begin PBXResourcesBuildPhase section */
		3C198EFE2316FB6D001C55B7 /* Resources */ = {
			isa = PBXResourcesBuildPhase;
			buildActionMask = 2147483647;
			files = (
				60598046231B20F20084483B /* Roboto-Thin.ttf in Resources */,
				60598043231B20F20084483B /* LICENSE.txt in Resources */,
				60598047231B20F20084483B /* Roboto-Black.ttf in Resources */,
				60598045231B20F20084483B /* Roboto-Bold.ttf in Resources */,
				60598041231B20F20084483B /* Roboto-BoldItalic.ttf in Resources */,
				604EEF50233E0AD500D40283 /* StaticMovies.json in Resources */,
				6059803E231B20F20084483B /* Roboto-Regular.ttf in Resources */,
				60598042231B20F20084483B /* Roboto-LightItalic.ttf in Resources */,
				6059803C231B20F20084483B /* Roboto-Medium.ttf in Resources */,
				3C198F132316FB73001C55B7 /* LaunchScreen.storyboard in Resources */,
				6059803D231B20F20084483B /* Roboto-Light.ttf in Resources */,
				60598044231B20F20084483B /* Roboto-BlackItalic.ttf in Resources */,
				60598040231B20F20084483B /* Roboto-ThinItalic.ttf in Resources */,
				6059803F231B20F20084483B /* Roboto-MediumItalic.ttf in Resources */,
				3C198F102316FB73001C55B7 /* Preview Assets.xcassets in Resources */,
				60598048231B20F20084483B /* Roboto-RegularItalic.ttf in Resources */,
				3C198F0D2316FB73001C55B7 /* Assets.xcassets in Resources */,
			);
			runOnlyForDeploymentPostprocessing = 0;
		};
/* End PBXResourcesBuildPhase section */

/* Begin PBXSourcesBuildPhase section */
		3C198EFC2316FB6D001C55B7 /* Sources */ = {
			isa = PBXSourcesBuildPhase;
			buildActionMask = 2147483647;
			files = (
				6059804D231B263B0084483B /* Font+Extensions.swift in Sources */,
				60598051231B38270084483B /* Optional+Extensions.swift in Sources */,
				6010A4DE23391A550033F73A /* UIImage+Extensions.swift in Sources */,
				50D686532356188C0033BFE0 /* MovieCollectionView.swift in Sources */,
				506FBD3E234D0DB000985646 /* ContentModalView.swift in Sources */,
				604EEF5A233E186E00D40283 /* MovieCreditsView.swift in Sources */,
				60393755231D330C00486F7A /* MovieImagesCollectionView.swift in Sources */,
				6025277A23478F64007BB837 /* PersonView.swift in Sources */,
				604D567A2344DD0500C6A682 /* SafariController.swift in Sources */,
				502F605023686FB900219852 /* MovieTypeHandler.swift in Sources */,
				608E0AE0234207CD00C20B10 /* Person.swift in Sources */,
				50412F5D2363865900794FFC /* Array+Extensions.swift in Sources */,
				604EEF52233E0B0F00D40283 /* Constants.swift in Sources */,
				50D68655235646DD0033BFE0 /* MovieCollectionDetails.swift in Sources */,
				507632372364ABC1001A5C16 /* MoviesCollectionView.swift in Sources */,
				60598028231AEF480084483B /* EdgeInsets+Extensions.swift in Sources */,
				507632382364ABC1001A5C16 /* MoviesCollectionViewCell.swift in Sources */,
				60C7C1D02339484E007A2A59 /* UIColor+Extensions.swift in Sources */,
				60683DAD234798A600507BD3 /* PersonMovie.swift in Sources */,
				608FA3442338F40F00AE231B /* ImageCache+Extensions.swift in Sources */,
				60424F492347D84D0091E4BE /* PersonMoviesView.swift in Sources */,
				3C6C21A02317030500407980 /* MovieModel.swift in Sources */,
				6076089E2325AD5700B5A2BE /* CollectionView.swift in Sources */,
				3C198F042316FB6E001C55B7 /* AppDelegate.swift in Sources */,
				3C6C21A22317048D00407980 /* JSONDecoder+Extensions.swift in Sources */,
				6059802A231AFB870084483B /* Formatter+Extensions.swift in Sources */,
				60A6C3712347517400E44DC9 /* TextView.swift in Sources */,
				60A374DF2317D8B700DD39E7 /* MovieDetailsView.swift in Sources */,
				50B27162236DBCA400190E59 /* View+TypeErasure.swift in Sources */,
				60424F4D2347E6480091E4BE /* Collection+Extensions.swift in Sources */,
				3C198F062316FB6E001C55B7 /* SceneDelegate.swift in Sources */,
				604EEF58233E144500D40283 /* Credits.swift in Sources */,
				506FBD3C234CC53B00985646 /* ReviewsRow.swift in Sources */,
				60A6C373234759A000E44DC9 /* UIScreen+Extensions.swift in Sources */,
				60424F4B2347E6230091E4BE /* PickerView.swift in Sources */,
				3C198F0B2316FB6E001C55B7 /* MoviesListView.swift in Sources */,
				604EEF54233E10FB00D40283 /* Cast.swift in Sources */,
				60D4CA38231C7296000E32C6 /* Notification Name+Extensions.swift in Sources */,
				3C198F1F2316FC98001C55B7 /* Webservice.swift in Sources */,
				6059804F231B37A30084483B /* ProductionCompaniesView.swift in Sources */,
				604EEF56233E110300D40283 /* Crew.swift in Sources */,
				6041270C2319CF2300A4413C /* String+Extensions.swift in Sources */,
				3C198F212316FCB4001C55B7 /* API.swift in Sources */,
				3C198F092316FB6E001C55B7 /* TMDBAPI.xcdatamodeld in Sources */,
				60E7A0872348D48200A6E57E /* MovieImageViewerView.swift in Sources */,
				504B004923575E2D002492BC /* Date+Extensions.swift in Sources */,
				6059804B231B228C0084483B /* TitleModifier.swift in Sources */,
				604127082319BB3200A4413C /* Reviews.swift in Sources */,
				608FA3482338FF3300AE231B /* MovieImagesView.swift in Sources */,
				606B255523192FB40011D59C /* Double+Extensions.swift in Sources */,
				60347FA523269F58005DBD6E /* MovieImageCell.swift in Sources */,
				3C6C21A42317060800407980 /* Fetcher.swift in Sources */,
			);
			runOnlyForDeploymentPostprocessing = 0;
		};
/* End PBXSourcesBuildPhase section */

/* Begin PBXVariantGroup section */
		3C198F112316FB73001C55B7 /* LaunchScreen.storyboard */ = {
			isa = PBXVariantGroup;
			children = (
				3C198F122316FB73001C55B7 /* Base */,
			);
			name = LaunchScreen.storyboard;
			sourceTree = "<group>";
		};
/* End PBXVariantGroup section */

/* Begin XCBuildConfiguration section */
		3C198F152316FB73001C55B7 /* Debug */ = {
			isa = XCBuildConfiguration;
			buildSettings = {
				ALWAYS_SEARCH_USER_PATHS = NO;
				CLANG_ANALYZER_NONNULL = YES;
				CLANG_ANALYZER_NUMBER_OBJECT_CONVERSION = YES_AGGRESSIVE;
				CLANG_CXX_LANGUAGE_STANDARD = "gnu++14";
				CLANG_CXX_LIBRARY = "libc++";
				CLANG_ENABLE_MODULES = YES;
				CLANG_ENABLE_OBJC_ARC = YES;
				CLANG_ENABLE_OBJC_WEAK = YES;
				CLANG_WARN_BLOCK_CAPTURE_AUTORELEASING = YES;
				CLANG_WARN_BOOL_CONVERSION = YES;
				CLANG_WARN_COMMA = YES;
				CLANG_WARN_CONSTANT_CONVERSION = YES;
				CLANG_WARN_DEPRECATED_OBJC_IMPLEMENTATIONS = YES;
				CLANG_WARN_DIRECT_OBJC_ISA_USAGE = YES_ERROR;
				CLANG_WARN_DOCUMENTATION_COMMENTS = YES;
				CLANG_WARN_EMPTY_BODY = YES;
				CLANG_WARN_ENUM_CONVERSION = YES;
				CLANG_WARN_INFINITE_RECURSION = YES;
				CLANG_WARN_INT_CONVERSION = YES;
				CLANG_WARN_NON_LITERAL_NULL_CONVERSION = YES;
				CLANG_WARN_OBJC_IMPLICIT_RETAIN_SELF = YES;
				CLANG_WARN_OBJC_LITERAL_CONVERSION = YES;
				CLANG_WARN_OBJC_ROOT_CLASS = YES_ERROR;
				CLANG_WARN_RANGE_LOOP_ANALYSIS = YES;
				CLANG_WARN_STRICT_PROTOTYPES = YES;
				CLANG_WARN_SUSPICIOUS_MOVE = YES;
				CLANG_WARN_UNGUARDED_AVAILABILITY = YES_AGGRESSIVE;
				CLANG_WARN_UNREACHABLE_CODE = YES;
				CLANG_WARN__DUPLICATE_METHOD_MATCH = YES;
				COPY_PHASE_STRIP = NO;
				DEBUG_INFORMATION_FORMAT = dwarf;
				ENABLE_STRICT_OBJC_MSGSEND = YES;
				ENABLE_TESTABILITY = YES;
				GCC_C_LANGUAGE_STANDARD = gnu11;
				GCC_DYNAMIC_NO_PIC = NO;
				GCC_NO_COMMON_BLOCKS = YES;
				GCC_OPTIMIZATION_LEVEL = 0;
				GCC_PREPROCESSOR_DEFINITIONS = (
					"DEBUG=1",
					"$(inherited)",
				);
				GCC_WARN_64_TO_32_BIT_CONVERSION = YES;
				GCC_WARN_ABOUT_RETURN_TYPE = YES_ERROR;
				GCC_WARN_UNDECLARED_SELECTOR = YES;
				GCC_WARN_UNINITIALIZED_AUTOS = YES_AGGRESSIVE;
				GCC_WARN_UNUSED_FUNCTION = YES;
				GCC_WARN_UNUSED_VARIABLE = YES;
				IPHONEOS_DEPLOYMENT_TARGET = 13.0;
				MTL_ENABLE_DEBUG_INFO = INCLUDE_SOURCE;
				MTL_FAST_MATH = YES;
				ONLY_ACTIVE_ARCH = YES;
				SDKROOT = iphoneos;
				SWIFT_ACTIVE_COMPILATION_CONDITIONS = DEBUG;
				SWIFT_OPTIMIZATION_LEVEL = "-Onone";
			};
			name = Debug;
		};
		3C198F162316FB73001C55B7 /* Release */ = {
			isa = XCBuildConfiguration;
			buildSettings = {
				ALWAYS_SEARCH_USER_PATHS = NO;
				CLANG_ANALYZER_NONNULL = YES;
				CLANG_ANALYZER_NUMBER_OBJECT_CONVERSION = YES_AGGRESSIVE;
				CLANG_CXX_LANGUAGE_STANDARD = "gnu++14";
				CLANG_CXX_LIBRARY = "libc++";
				CLANG_ENABLE_MODULES = YES;
				CLANG_ENABLE_OBJC_ARC = YES;
				CLANG_ENABLE_OBJC_WEAK = YES;
				CLANG_WARN_BLOCK_CAPTURE_AUTORELEASING = YES;
				CLANG_WARN_BOOL_CONVERSION = YES;
				CLANG_WARN_COMMA = YES;
				CLANG_WARN_CONSTANT_CONVERSION = YES;
				CLANG_WARN_DEPRECATED_OBJC_IMPLEMENTATIONS = YES;
				CLANG_WARN_DIRECT_OBJC_ISA_USAGE = YES_ERROR;
				CLANG_WARN_DOCUMENTATION_COMMENTS = YES;
				CLANG_WARN_EMPTY_BODY = YES;
				CLANG_WARN_ENUM_CONVERSION = YES;
				CLANG_WARN_INFINITE_RECURSION = YES;
				CLANG_WARN_INT_CONVERSION = YES;
				CLANG_WARN_NON_LITERAL_NULL_CONVERSION = YES;
				CLANG_WARN_OBJC_IMPLICIT_RETAIN_SELF = YES;
				CLANG_WARN_OBJC_LITERAL_CONVERSION = YES;
				CLANG_WARN_OBJC_ROOT_CLASS = YES_ERROR;
				CLANG_WARN_RANGE_LOOP_ANALYSIS = YES;
				CLANG_WARN_STRICT_PROTOTYPES = YES;
				CLANG_WARN_SUSPICIOUS_MOVE = YES;
				CLANG_WARN_UNGUARDED_AVAILABILITY = YES_AGGRESSIVE;
				CLANG_WARN_UNREACHABLE_CODE = YES;
				CLANG_WARN__DUPLICATE_METHOD_MATCH = YES;
				COPY_PHASE_STRIP = NO;
				DEBUG_INFORMATION_FORMAT = "dwarf-with-dsym";
				ENABLE_NS_ASSERTIONS = NO;
				ENABLE_STRICT_OBJC_MSGSEND = YES;
				GCC_C_LANGUAGE_STANDARD = gnu11;
				GCC_NO_COMMON_BLOCKS = YES;
				GCC_WARN_64_TO_32_BIT_CONVERSION = YES;
				GCC_WARN_ABOUT_RETURN_TYPE = YES_ERROR;
				GCC_WARN_UNDECLARED_SELECTOR = YES;
				GCC_WARN_UNINITIALIZED_AUTOS = YES_AGGRESSIVE;
				GCC_WARN_UNUSED_FUNCTION = YES;
				GCC_WARN_UNUSED_VARIABLE = YES;
				IPHONEOS_DEPLOYMENT_TARGET = 13.0;
				MTL_ENABLE_DEBUG_INFO = NO;
				MTL_FAST_MATH = YES;
				SDKROOT = iphoneos;
				SWIFT_COMPILATION_MODE = wholemodule;
				SWIFT_OPTIMIZATION_LEVEL = "-O";
				VALIDATE_PRODUCT = YES;
			};
			name = Release;
		};
		3C198F182316FB73001C55B7 /* Debug */ = {
			isa = XCBuildConfiguration;
			buildSettings = {
				ASSETCATALOG_COMPILER_APPICON_NAME = AppIcon;
				CODE_SIGN_STYLE = Automatic;
				DEAD_CODE_STRIPPING = NO;
				DEVELOPMENT_ASSET_PATHS = "\"TMDBAPI/Preview Content\"";
				DEVELOPMENT_TEAM = 365H8JYPCL;
				ENABLE_PREVIEWS = YES;
				INFOPLIST_FILE = TMDBAPI/Info.plist;
				LD_RUNPATH_SEARCH_PATHS = (
					"$(inherited)",
					"@executable_path/Frameworks",
				);
				"OTHER_SWIFT_FLAGS[sdk=iphoneos13.0]" = "-Xfrontend -warn-long-function-bodies=200 -Xfrontend -warn-long-expression-type-checking=200";
				PRODUCT_BUNDLE_IDENTIFIER = com.abdou.TMDBAPI;
				PRODUCT_NAME = "$(TARGET_NAME)";
				SWIFT_VERSION = 5.0;
				TARGETED_DEVICE_FAMILY = 1;
			};
			name = Debug;
		};
		3C198F192316FB73001C55B7 /* Release */ = {
			isa = XCBuildConfiguration;
			buildSettings = {
				ASSETCATALOG_COMPILER_APPICON_NAME = AppIcon;
				CODE_SIGN_STYLE = Automatic;
				DEAD_CODE_STRIPPING = NO;
				DEVELOPMENT_ASSET_PATHS = "\"TMDBAPI/Preview Content\"";
				DEVELOPMENT_TEAM = 365H8JYPCL;
				ENABLE_PREVIEWS = YES;
				INFOPLIST_FILE = TMDBAPI/Info.plist;
				LD_RUNPATH_SEARCH_PATHS = (
					"$(inherited)",
					"@executable_path/Frameworks",
				);
				PRODUCT_BUNDLE_IDENTIFIER = com.abdou.TMDBAPI;
				PRODUCT_NAME = "$(TARGET_NAME)";
				SWIFT_VERSION = 5.0;
				TARGETED_DEVICE_FAMILY = 1;
			};
			name = Release;
		};
/* End XCBuildConfiguration section */

/* Begin XCConfigurationList section */
		3C198EFB2316FB6D001C55B7 /* Build configuration list for PBXProject "TMDBAPI" */ = {
			isa = XCConfigurationList;
			buildConfigurations = (
				3C198F152316FB73001C55B7 /* Debug */,
				3C198F162316FB73001C55B7 /* Release */,
			);
			defaultConfigurationIsVisible = 0;
			defaultConfigurationName = Release;
		};
		3C198F172316FB73001C55B7 /* Build configuration list for PBXNativeTarget "TMDBAPI" */ = {
			isa = XCConfigurationList;
			buildConfigurations = (
				3C198F182316FB73001C55B7 /* Debug */,
				3C198F192316FB73001C55B7 /* Release */,
			);
			defaultConfigurationIsVisible = 0;
			defaultConfigurationName = Release;
		};
/* End XCConfigurationList section */

/* Begin XCRemoteSwiftPackageReference section */
		50AB684F2369809A00FEA4DC /* XCRemoteSwiftPackageReference "Kingfisher" */ = {
			isa = XCRemoteSwiftPackageReference;
			repositoryURL = "https://github.com/onevcat/Kingfisher.git";
			requirement = {
				branch = xcode11;
				kind = branch;
			};
		};
/* End XCRemoteSwiftPackageReference section */

/* Begin XCSwiftPackageProductDependency section */
		50AB68502369809A00FEA4DC /* Kingfisher */ = {
			isa = XCSwiftPackageProductDependency;
			package = 50AB684F2369809A00FEA4DC /* XCRemoteSwiftPackageReference "Kingfisher" */;
			productName = Kingfisher;
		};
		50AB68522369809A00FEA4DC /* KingfisherSwiftUI */ = {
			isa = XCSwiftPackageProductDependency;
			package = 50AB684F2369809A00FEA4DC /* XCRemoteSwiftPackageReference "Kingfisher" */;
			productName = KingfisherSwiftUI;
		};
/* End XCSwiftPackageProductDependency section */

/* Begin XCVersionGroup section */
		3C198F072316FB6E001C55B7 /* TMDBAPI.xcdatamodeld */ = {
			isa = XCVersionGroup;
			children = (
				3C198F082316FB6E001C55B7 /* TMDBAPI.xcdatamodel */,
			);
			currentVersion = 3C198F082316FB6E001C55B7 /* TMDBAPI.xcdatamodel */;
			path = TMDBAPI.xcdatamodeld;
			sourceTree = "<group>";
			versionGroupType = wrapper.xcdatamodel;
		};
/* End XCVersionGroup section */
	};
	rootObject = 3C198EF82316FB6D001C55B7 /* Project object */;
}
